<?xml version="1.0" encoding="utf-8"?>
<Project ToolsVersion="4.0" xmlns="http://schemas.microsoft.com/developer/msbuild/2003">
  <ItemGroup>
    <Filter Include="Archivos de origen">
      <UniqueIdentifier>{4FC737F1-C7A5-4376-A066-2A32D752A2FF}</UniqueIdentifier>
      <Extensions>cpp;c;cc;cxx;c++;cppm;ixx;def;odl;idl;hpj;bat;asm;asmx</Extensions>
    </Filter>
    <Filter Include="Archivos de encabezado">
      <UniqueIdentifier>{93995380-89BD-4b04-88EB-625FBE52EBFB}</UniqueIdentifier>
      <Extensions>h;hh;hpp;hxx;h++;hm;inl;inc;ipp;xsd</Extensions>
    </Filter>
    <Filter Include="Archivos de recursos">
      <UniqueIdentifier>{67DA6AB6-F800-4c08-8B7A-83BB121AAD01}</UniqueIdentifier>
      <Extensions>rc;ico;cur;bmp;dlg;rc2;rct;bin;rgs;gif;jpg;jpeg;jpe;resx;tiff;tif;png;wav;mfcribbon-ms</Extensions>
    </Filter>
    <Filter Include="raylib">
      <UniqueIdentifier>{92919462-bb7f-4617-8aea-0ec992ea0d3b}</UniqueIdentifier>
    </Filter>
    <Filter Include="Archivos de origen\Engine">
      <UniqueIdentifier>{567555c0-9e92-49a1-994e-c8bdb8b75e4a}</UniqueIdentifier>
    </Filter>
    <Filter Include="raylib\lib">
      <UniqueIdentifier>{89a90619-1f33-47f4-9e8a-be9ed836378f}</UniqueIdentifier>
    </Filter>
    <Filter Include="Archivos de origen\Engine\Marshaller">
      <UniqueIdentifier>{84639636-2dd0-4fda-95a1-d80dc406fbbe}</UniqueIdentifier>
    </Filter>
    <Filter Include="Archivos de origen\Engine\ScriptingEngine">
      <UniqueIdentifier>{62ca2674-a016-44ad-88bd-ee0cd47abe5f}</UniqueIdentifier>
    </Filter>
    <Filter Include="Archivos de origen\Engine\ScriptingEngine\GenericReference">
      <UniqueIdentifier>{7f29082c-5229-4c0c-8258-71bead84b8d5}</UniqueIdentifier>
    </Filter>
    <Filter Include="raylib\include">
      <UniqueIdentifier>{a58c4469-bad3-4eed-aee2-c8b1af098c30}</UniqueIdentifier>
    </Filter>
    <Filter Include="imgui">
      <UniqueIdentifier>{e2134739-ab52-4e6d-8f9a-b334b34c6107}</UniqueIdentifier>
    </Filter>
    <Filter Include="Archivos de origen\Engine\ObjectManagement">
      <UniqueIdentifier>{734d2dff-1260-4726-b83d-00d76a1f3524}</UniqueIdentifier>
    </Filter>
    <Filter Include="Archivos de origen\Engine\ObjectManagement\Shaders">
      <UniqueIdentifier>{fda82e73-fb34-4960-9ee5-593279e6ab3a}</UniqueIdentifier>
    </Filter>
    <Filter Include="Archivos de origen\Engine\ObjectManagement\Models">
      <UniqueIdentifier>{8bdc4cb0-1afe-4050-8a22-2e48235c6ce1}</UniqueIdentifier>
    </Filter>
    <Filter Include="Archivos de origen\Engine\HLAPI">
      <UniqueIdentifier>{9b437e7d-5295-4f14-bd28-6d61f0a38f22}</UniqueIdentifier>
    </Filter>
    <Filter Include="Archivos de origen\Engine\ObjectManagement\Textures">
      <UniqueIdentifier>{127c9671-fc47-48c5-8fbc-99454c23ba6d}</UniqueIdentifier>
    </Filter>
    <Filter Include="Data">
      <UniqueIdentifier>{e7126ab7-7b3f-4014-b94d-ded0fd000284}</UniqueIdentifier>
    </Filter>
    <Filter Include="Data\Engine">
      <UniqueIdentifier>{f52d35ce-6b06-4b0f-950b-816fa8f85d3c}</UniqueIdentifier>
    </Filter>
    <Filter Include="Data\Engine\Models">
      <UniqueIdentifier>{c936e616-093b-45a9-97f3-53368ba21943}</UniqueIdentifier>
    </Filter>
    <Filter Include="Data\Engine\Shaders">
      <UniqueIdentifier>{8fa2b00a-7351-4f12-8cfb-b1d2607511e6}</UniqueIdentifier>
    </Filter>
    <Filter Include="Archivos de origen\Engine\ObjectManagement\Cameras">
      <UniqueIdentifier>{a3fa7e6a-969f-4537-a4b6-1cfe482a567c}</UniqueIdentifier>
    </Filter>
    <Filter Include="Data\Engine\Skybox">
      <UniqueIdentifier>{1070ff0d-9188-4b99-b659-0ea96259eefa}</UniqueIdentifier>
    </Filter>
    <Filter Include="Archivos de origen\Engine\ObjectManagement\Materials">
      <UniqueIdentifier>{badbfa6e-2c37-4397-86b4-e6ba2a95b259}</UniqueIdentifier>
    </Filter>
    <Filter Include="Archivos de origen\Engine\ObjectManagement\Textures\2D">
      <UniqueIdentifier>{49531ce8-1248-4637-a302-29223662af9b}</UniqueIdentifier>
    </Filter>
    <Filter Include="Archivos de origen\Engine\Object">
      <UniqueIdentifier>{f2217650-8e69-4976-9732-9887b5cf1e03}</UniqueIdentifier>
    </Filter>
    <Filter Include="Archivos de origen\Engine\Management">
      <UniqueIdentifier>{bb63e44a-1dbe-4beb-ba51-7054d1f23afe}</UniqueIdentifier>
    </Filter>
    <Filter Include="Archivos de origen\Engine\Management\Instance">
      <UniqueIdentifier>{ce3f0087-9198-422e-b5d6-e765e465fb60}</UniqueIdentifier>
    </Filter>
    <Filter Include="Archivos de origen\Engine\Encryption">
      <UniqueIdentifier>{7cc418b0-5231-4f9b-a467-cf98afcde18b}</UniqueIdentifier>
    </Filter>
    <Filter Include="Data\Engine\Shaders\rPBR">
      <UniqueIdentifier>{218bc461-b0bd-480e-834f-3892711e9045}</UniqueIdentifier>
    </Filter>
  </ItemGroup>
  <ItemGroup>
    <ClInclude Include="Resource.h">
      <Filter>Archivos de encabezado</Filter>
    </ClInclude>
    <ClInclude Include="Includes.h">
      <Filter>Archivos de origen</Filter>
    </ClInclude>
    <ClInclude Include="CastToNative.h">
      <Filter>Archivos de origen\Engine\Marshaller</Filter>
    </ClInclude>
    <ClInclude Include="ScriptSandbox.h">
      <Filter>Archivos de origen\Engine\ScriptingEngine</Filter>
    </ClInclude>
    <ClInclude Include="ScriptBehaviour.cpp">
      <Filter>Archivos de origen\Engine\ScriptingEngine\GenericReference</Filter>
    </ClInclude>
    <ClInclude Include="ScriptBehaviour.h">
      <Filter>Archivos de origen\Engine\ScriptingEngine\GenericReference</Filter>
    </ClInclude>
    <ClInclude Include="Object.h">
      <Filter>Archivos de origen\Engine\Object</Filter>
    </ClInclude>
    <ClInclude Include="Transform.h">
      <Filter>Archivos de origen\Engine\Object</Filter>
    </ClInclude>
    <ClInclude Include="Raylib\include\raygui.h">
      <Filter>raylib\include</Filter>
    </ClInclude>
    <ClInclude Include="Raylib\include\raylib.h">
      <Filter>raylib\include</Filter>
    </ClInclude>
    <ClInclude Include="Raylib\include\raymath.h">
      <Filter>raylib\include</Filter>
    </ClInclude>
    <ClInclude Include="Raylib\include\rlgl.h">
      <Filter>raylib\include</Filter>
    </ClInclude>
    <ClInclude Include="Raylib\include\rlImGuiColors.h">
      <Filter>raylib\include</Filter>
    </ClInclude>
    <ClInclude Include="Raylib\include\imgui_impl_raylib.h">
      <Filter>raylib\include</Filter>
    </ClInclude>
    <ClInclude Include="Raylib\include\rlImGui.h">
      <Filter>raylib\include</Filter>
    </ClInclude>
    <ClInclude Include="imgui\imgui.h">
      <Filter>imgui</Filter>
    </ClInclude>
    <ClInclude Include="imgui\imgui_internal.h">
      <Filter>imgui</Filter>
    </ClInclude>
    <ClInclude Include="imgui\imstb_rectpack.h">
      <Filter>imgui</Filter>
    </ClInclude>
    <ClInclude Include="imgui\imstb_textedit.h">
      <Filter>imgui</Filter>
    </ClInclude>
    <ClInclude Include="imgui\imstb_truetype.h">
      <Filter>imgui</Filter>
    </ClInclude>
    <ClInclude Include="imgui\imconfig.h">
      <Filter>imgui</Filter>
    </ClInclude>
    <ClInclude Include="Raylib\include\IconsFontAwesome6.h">
      <Filter>raylib\include</Filter>
    </ClInclude>
    <ClInclude Include="Raylib\include\FA6FreeSolidFontData.h">
      <Filter>raylib\include</Filter>
    </ClInclude>
    <ClInclude Include="Drawing.h">
      <Filter>Archivos de origen\Engine\HLAPI</Filter>
    </ClInclude>
    <ClInclude Include="DataPacks.h">
      <Filter>Archivos de origen\Engine\ObjectManagement</Filter>
    </ClInclude>
    <ClInclude Include="ShaderPack.h">
      <Filter>Archivos de origen\Engine\ObjectManagement\Shaders</Filter>
    </ClInclude>
    <ClInclude Include="ModelPack.h">
      <Filter>Archivos de origen\Engine\ObjectManagement\Models</Filter>
    </ClInclude>
    <ClInclude Include="CameraPack.h">
      <Filter>Archivos de origen\Engine\ObjectManagement\Cameras</Filter>
    </ClInclude>
    <ClInclude Include="Raylib\include\glad.h">
      <Filter>raylib\include</Filter>
    </ClInclude>
    <ClInclude Include="Raylib\include\rlight.h">
      <Filter>raylib\include</Filter>
    </ClInclude>
    <ClInclude Include="Raylib\include\rPBR.h">
      <Filter>raylib\include</Filter>
    </ClInclude>
    <ClInclude Include="MaterialPack.h">
      <Filter>Archivos de origen\Engine\ObjectManagement\Materials</Filter>
    </ClInclude>
    <ClInclude Include="Texture2DPack.h">
      <Filter>Archivos de origen\Engine\ObjectManagement\Textures\2D</Filter>
    </ClInclude>
    <ClInclude Include="Window.h">
      <Filter>Archivos de encabezado</Filter>
    </ClInclude>
    <ClInclude Include="Window.h">
      <Filter>Archivos de origen\Engine</Filter>
    </ClInclude>
    <ClInclude Include="Scene.h">
      <Filter>Archivos de origen\Engine\Management\Instance</Filter>
    </ClInclude>
    <ClInclude Include="SceneManager.h">
      <Filter>Archivos de origen\Engine\Management</Filter>
    </ClInclude>
    <ClInclude Include="CypherLib.h">
      <Filter>Archivos de origen\Engine\Encryption</Filter>
    </ClInclude>
    <ClInclude Include="Macros.h">
      <Filter>Archivos de origen</Filter>
    </ClInclude>
  </ItemGroup>
  <ItemGroup>
    <ClCompile Include="AssemblyInfo.cpp">
      <Filter>Archivos de origen</Filter>
    </ClCompile>
    <ClCompile Include="Window.cpp">
      <Filter>Archivos de origen\Engine</Filter>
    </ClCompile>
    <ClCompile Include="CastToNative.cpp">
      <Filter>Archivos de origen\Engine\Marshaller</Filter>
    </ClCompile>
    <ClCompile Include="ScriptSandbox.cpp">
      <Filter>Archivos de origen\Engine\ScriptingEngine</Filter>
    </ClCompile>
    <ClCompile Include="Object.cpp">
      <Filter>Archivos de origen\Engine\Object</Filter>
    </ClCompile>
    <ClCompile Include="Transform.cpp">
      <Filter>Archivos de origen\Engine\Object</Filter>
    </ClCompile>
    <ClCompile Include="Raylib\include\rlImGui.cpp">
      <Filter>raylib\include</Filter>
    </ClCompile>
    <ClCompile Include="imgui\imgui.cpp">
      <Filter>imgui</Filter>
    </ClCompile>
    <ClCompile Include="imgui\imgui_demo.cpp">
      <Filter>imgui</Filter>
    </ClCompile>
    <ClCompile Include="imgui\imgui_draw.cpp">
      <Filter>imgui</Filter>
    </ClCompile>
    <ClCompile Include="imgui\imgui_tables.cpp">
      <Filter>imgui</Filter>
    </ClCompile>
    <ClCompile Include="imgui\imgui_widgets.cpp">
      <Filter>imgui</Filter>
    </ClCompile>
    <ClCompile Include="Drawing.cpp">
      <Filter>Archivos de origen\Engine\HLAPI</Filter>
    </ClCompile>
    <ClCompile Include="DataPacks.cpp">
      <Filter>Archivos de origen\Engine\ObjectManagement</Filter>
    </ClCompile>
    <ClCompile Include="EngineEntryPoint.cpp">
      <Filter>Archivos de origen</Filter>
    </ClCompile>
    <ClCompile Include="Scene.cpp">
      <Filter>Archivos de origen\Engine\Management\Instance</Filter>
    </ClCompile>
    <ClCompile Include="SceneManager.cpp">
      <Filter>Archivos de origen\Engine\Management</Filter>
    </ClCompile>
  </ItemGroup>
  <ItemGroup>
    <ResourceCompile Include="app.rc">
      <Filter>Archivos de recursos</Filter>
    </ResourceCompile>
  </ItemGroup>
  <ItemGroup>
    <Image Include="app.ico">
      <Filter>Archivos de recursos</Filter>
    </Image>
  </ItemGroup>
  <ItemGroup>
    <CopyFileToFolders Include="Data\Engine\Models\Error.obj">
      <Filter>Data\Engine\Models</Filter>
    </CopyFileToFolders>
    <CopyFileToFolders Include="Data\Engine\Models\Error.mtl">
      <Filter>Data\Engine\Models</Filter>
    </CopyFileToFolders>
    <CopyFileToFolders Include="Data\Engine\Shaders\base.vs">
      <Filter>Data\Engine\Shaders</Filter>
    </CopyFileToFolders>
    <CopyFileToFolders Include="Data\Engine\Shaders\base.fs">
      <Filter>Data\Engine\Shaders</Filter>
    </CopyFileToFolders>
    <CopyFileToFolders Include="Data\Engine\Skybox\Default.hdr">
      <Filter>Data\Engine\Skybox</Filter>
    </CopyFileToFolders>
  </ItemGroup>
  <ItemGroup>
    <None Include="Raylib\lib\raylib.dll">
      <Filter>raylib\lib</Filter>
    </None>
    <None Include="Data\Engine\Shaders\rPBR\brdf.fs">
      <Filter>Data\Engine\Shaders\rPBR</Filter>
    </None>
    <None Include="Data\Engine\Shaders\rPBR\brdf.vs">
      <Filter>Data\Engine\Shaders\rPBR</Filter>
    </None>
    <None Include="Data\Engine\Shaders\rPBR\cubemap.fs">
      <Filter>Data\Engine\Shaders\rPBR</Filter>
    </None>
    <None Include="Data\Engine\Shaders\rPBR\cubemap.vs">
      <Filter>Data\Engine\Shaders\rPBR</Filter>
    </None>
    <None Include="Data\Engine\Shaders\rPBR\irradiance.fs">
      <Filter>Data\Engine\Shaders\rPBR</Filter>
    </None>
    <None Include="Data\Engine\Shaders\rPBR\lighting.fs">
      <Filter>Data\Engine\Shaders\rPBR</Filter>
    </None>
    <None Include="Data\Engine\Shaders\rPBR\lighting.vs">
      <Filter>Data\Engine\Shaders\rPBR</Filter>
    </None>
    <None Include="Data\Engine\Shaders\rPBR\pbr.fs">
      <Filter>Data\Engine\Shaders\rPBR</Filter>
    </None>
    <None Include="Data\Engine\Shaders\rPBR\pbr.vs">
      <Filter>Data\Engine\Shaders\rPBR</Filter>
    </None>
    <None Include="Data\Engine\Shaders\rPBR\postfx.fs">
      <Filter>Data\Engine\Shaders\rPBR</Filter>
    </None>
    <None Include="Data\Engine\Shaders\rPBR\postfx.vs">
      <Filter>Data\Engine\Shaders\rPBR</Filter>
    </None>
    <None Include="Data\Engine\Shaders\rPBR\prefilter.fs">
      <Filter>Data\Engine\Shaders\rPBR</Filter>
    </None>
    <None Include="Data\Engine\Shaders\rPBR\skybox.fs">
      <Filter>Data\Engine\Shaders\rPBR</Filter>
    </None>
    <None Include="Data\Engine\Shaders\rPBR\skybox.vs">
      <Filter>Data\Engine\Shaders\rPBR</Filter>
    </None>
    <None Include="Data\Engine\Shaders\pointlight.fs">
      <Filter>Data\Engine\Shaders</Filter>
    </None>
    <None Include="Data\Engine\Shaders\pointlight.vs">
      <Filter>Data\Engine\Shaders</Filter>
    </None>
  </ItemGroup>
  <ItemGroup>
    <Library Include="Raylib\lib\raylib.lib">
      <Filter>raylib\lib</Filter>
    </Library>
    <Library Include="Raylib\lib\raylibdll.lib">
      <Filter>raylib\lib</Filter>
    </Library>
  </ItemGroup>
</Project>