<?xml version="1.0" encoding="utf-8"?>
<Project ToolsVersion="4.0" xmlns="http://schemas.microsoft.com/developer/msbuild/2003">
  <ItemGroup>
    <Filter Include="imgui">
      <UniqueIdentifier>{e2134739-ab52-4e6d-8f9a-b334b34c6107}</UniqueIdentifier>
    </Filter>
    <Filter Include="Data">
      <UniqueIdentifier>{e7126ab7-7b3f-4014-b94d-ded0fd000284}</UniqueIdentifier>
    </Filter>
    <Filter Include="Data\Engine">
      <UniqueIdentifier>{f52d35ce-6b06-4b0f-950b-816fa8f85d3c}</UniqueIdentifier>
    </Filter>
    <Filter Include="Data\Engine\Models">
      <UniqueIdentifier>{c936e616-093b-45a9-97f3-53368ba21943}</UniqueIdentifier>
    </Filter>
    <Filter Include="Data\Engine\Shaders">
      <UniqueIdentifier>{8fa2b00a-7351-4f12-8cfb-b1d2607511e6}</UniqueIdentifier>
    </Filter>
    <Filter Include="Data\Engine\Skybox">
      <UniqueIdentifier>{1070ff0d-9188-4b99-b659-0ea96259eefa}</UniqueIdentifier>
    </Filter>
    <Filter Include="Data\Engine\Shaders\rPBR">
      <UniqueIdentifier>{218bc461-b0bd-480e-834f-3892711e9045}</UniqueIdentifier>
    </Filter>
    <Filter Include="Data\Engine\Shaders\Textured">
      <UniqueIdentifier>{9cbabd75-5d40-4746-bb2e-0ffb651801fd}</UniqueIdentifier>
    </Filter>
    <Filter Include="Binaries">
      <UniqueIdentifier>{b1b4b331-1638-4172-bb5c-b7cd6337f6a0}</UniqueIdentifier>
    </Filter>
    <Filter Include="Binaries\fbx2gltf">
      <UniqueIdentifier>{fbcbac8e-c827-4c12-a648-8df3d5c14398}</UniqueIdentifier>
    </Filter>
    <Filter Include="imgui\TextEditor">
      <UniqueIdentifier>{66308d28-2328-4ed9-87c7-a853aec34b01}</UniqueIdentifier>
    </Filter>
    <Filter Include="Data\Engine\Textures">
      <UniqueIdentifier>{4906a301-d328-4c2e-b0fd-8f75ea6b5098}</UniqueIdentifier>
    </Filter>
    <Filter Include="Data\EditorAssets">
      <UniqueIdentifier>{363e5041-ea71-49a0-86a4-165b28ddbc77}</UniqueIdentifier>
    </Filter>
    <Filter Include="imgui\FileExplorer">
      <UniqueIdentifier>{4b25e3d2-b7f0-47a1-a619-5d87a8925f4d}</UniqueIdentifier>
    </Filter>
    <Filter Include="imgui\Fonts">
      <UniqueIdentifier>{5b48b030-99b1-4bfd-b657-828ab59b7f87}</UniqueIdentifier>
    </Filter>
    <Filter Include="Data\EditorAssets\Icons">
      <UniqueIdentifier>{0133aeaf-9e76-4e5b-b09e-d933b0b9e6c7}</UniqueIdentifier>
    </Filter>
    <Filter Include="Data\EditorAssets\Fonts">
      <UniqueIdentifier>{a14989d7-3f94-4d63-9bab-965872423dcc}</UniqueIdentifier>
    </Filter>
    <Filter Include="raylib">
      <UniqueIdentifier>{92919462-bb7f-4617-8aea-0ec992ea0d3b}</UniqueIdentifier>
    </Filter>
    <Filter Include="raylib\include">
      <UniqueIdentifier>{a58c4469-bad3-4eed-aee2-c8b1af098c30}</UniqueIdentifier>
    </Filter>
    <Filter Include="Data\EditorAssets\Templates">
      <UniqueIdentifier>{784d2fb2-8d10-45fe-a804-30d43454375e}</UniqueIdentifier>
    </Filter>
    <Filter Include="raylib\include\ext">
      <UniqueIdentifier>{8db3416d-adf6-4ff6-8979-05b4a1037bb6}</UniqueIdentifier>
    </Filter>
    <Filter Include="raylib\include\impls">
      <UniqueIdentifier>{46dc3b57-f7f9-40d8-8d9f-bebe36e21434}</UniqueIdentifier>
    </Filter>
    <Filter Include="raylib\include\deps">
      <UniqueIdentifier>{b8190d54-6dca-4ab6-97d0-bec90bd19e1c}</UniqueIdentifier>
    </Filter>
    <Filter Include="raylib\include\impls\imgui">
      <UniqueIdentifier>{47b26e79-2933-4e1b-b087-4644eae7d0d4}</UniqueIdentifier>
    </Filter>
    <Filter Include="raylib\include\impls\raygui">
      <UniqueIdentifier>{45923578-8f25-472a-9bb0-c32e347a3ff1}</UniqueIdentifier>
    </Filter>
    <Filter Include="raylib\include\impls\other">
      <UniqueIdentifier>{1560900a-6699-48c2-9657-54dcde1a812a}</UniqueIdentifier>
    </Filter>
    <Filter Include="Data\Engine\Shaders\Lighting">
      <UniqueIdentifier>{fcdb4358-6ea0-4f9d-a048-c14ccf451478}</UniqueIdentifier>
    </Filter>
    <Filter Include="Source">
      <UniqueIdentifier>{4FC737F1-C7A5-4376-A066-2A32D752A2FF}</UniqueIdentifier>
      <Extensions>cpp;c;cc;cxx;c++;cppm;ixx;def;odl;idl;hpj;bat;asm;asmx</Extensions>
    </Filter>
    <Filter Include="Source\Engine">
      <UniqueIdentifier>{567555c0-9e92-49a1-994e-c8bdb8b75e4a}</UniqueIdentifier>
    </Filter>
    <Filter Include="Source\Engine\Marshaller">
      <UniqueIdentifier>{84639636-2dd0-4fda-95a1-d80dc406fbbe}</UniqueIdentifier>
    </Filter>
    <Filter Include="Source\Engine\ObjectManagement">
      <UniqueIdentifier>{734d2dff-1260-4726-b83d-00d76a1f3524}</UniqueIdentifier>
    </Filter>
    <Filter Include="Source\Engine\ObjectManagement\Cameras">
      <UniqueIdentifier>{a3fa7e6a-969f-4537-a4b6-1cfe482a567c}</UniqueIdentifier>
    </Filter>
    <Filter Include="Source\Engine\ObjectManagement\Materials">
      <UniqueIdentifier>{badbfa6e-2c37-4397-86b4-e6ba2a95b259}</UniqueIdentifier>
    </Filter>
    <Filter Include="Source\Engine\ObjectManagement\Types">
      <UniqueIdentifier>{014d52e1-2403-456a-898e-daa5e640d34b}</UniqueIdentifier>
    </Filter>
    <Filter Include="Source\Engine\HLAPI">
      <UniqueIdentifier>{9b437e7d-5295-4f14-bd28-6d61f0a38f22}</UniqueIdentifier>
    </Filter>
    <Filter Include="Source\Engine\Object">
      <UniqueIdentifier>{f2217650-8e69-4976-9732-9887b5cf1e03}</UniqueIdentifier>
    </Filter>
    <Filter Include="Source\Engine\Object\Enums">
      <UniqueIdentifier>{a461a0a5-f22a-44ee-a4da-ce99eee107d1}</UniqueIdentifier>
    </Filter>
    <Filter Include="Source\Engine\Object\Source">
      <UniqueIdentifier>{122918f0-ebc8-49b2-8a46-ea7dc70140d3}</UniqueIdentifier>
    </Filter>
    <Filter Include="Source\Engine\Object\Header">
      <UniqueIdentifier>{962bd13e-e425-430b-b66a-de85ffb23b81}</UniqueIdentifier>
    </Filter>
    <Filter Include="Source\Engine\Management">
      <UniqueIdentifier>{bb63e44a-1dbe-4beb-ba51-7054d1f23afe}</UniqueIdentifier>
    </Filter>
    <Filter Include="Source\Engine\Management\Instance">
      <UniqueIdentifier>{ce3f0087-9198-422e-b5d6-e765e465fb60}</UniqueIdentifier>
    </Filter>
    <Filter Include="Source\Engine\Management\MiddleLevel">
      <UniqueIdentifier>{539ae321-1426-4428-90f7-5bb797a2fb37}</UniqueIdentifier>
    </Filter>
    <Filter Include="Source\Engine\Encryption">
      <UniqueIdentifier>{7cc418b0-5231-4f9b-a467-cf98afcde18b}</UniqueIdentifier>
    </Filter>
    <Filter Include="Source\Engine\EngineObjects">
      <UniqueIdentifier>{51b6938c-f7b4-4ebc-b8c9-b7db1c25a7b8}</UniqueIdentifier>
    </Filter>
    <Filter Include="Source\Engine\EngineObjects\ModelRenderer">
      <UniqueIdentifier>{92b2e4ff-c689-440a-b479-e71dc85ba637}</UniqueIdentifier>
    </Filter>
    <Filter Include="Source\Engine\EngineObjects\Skybox">
      <UniqueIdentifier>{b8173c9a-bfdd-4e66-90a9-ad1c6b994373}</UniqueIdentifier>
    </Filter>
    <Filter Include="Source\Engine\EngineObjects\PBR">
      <UniqueIdentifier>{bf3d51b6-a8c1-4740-9bb4-9464f1fa50c0}</UniqueIdentifier>
    </Filter>
    <Filter Include="Source\Engine\EngineObjects\PBR\PBRModelRenderer">
      <UniqueIdentifier>{1caeaa6b-8ee3-40e8-94d6-b081916f8d25}</UniqueIdentifier>
    </Filter>
    <Filter Include="Source\Engine\EngineObjects\Script">
      <UniqueIdentifier>{baa9c9f2-4cbd-485c-aac6-39300e73a3c5}</UniqueIdentifier>
    </Filter>
    <Filter Include="Source\Engine\EngineObjects\Renderer Pipelines">
      <UniqueIdentifier>{8cd565ea-b573-41fb-ac22-1833499cbb34}</UniqueIdentifier>
    </Filter>
    <Filter Include="Source\Engine\EngineObjects\Renderer Pipelines\RTBR">
      <UniqueIdentifier>{2fdfb2aa-f8d5-466e-bdb5-6ad801abfad6}</UniqueIdentifier>
    </Filter>
    <Filter Include="Source\Engine\EngineObjects\Renderer Pipelines\VXBR">
      <UniqueIdentifier>{495424b5-1e59-4996-b963-1dd85699c192}</UniqueIdentifier>
    </Filter>
    <Filter Include="Source\Engine\EngineObjects\Renderer Pipelines\VXBR\Voxel">
      <UniqueIdentifier>{fbe6c539-35ab-4a90-abb1-37cdc22137b3}</UniqueIdentifier>
    </Filter>
    <Filter Include="Source\Engine\EngineObjects\Renderer Pipelines\VXBR\Typedefs">
      <UniqueIdentifier>{fa234a6f-8b88-4072-80f6-22a397997e23}</UniqueIdentifier>
    </Filter>
    <Filter Include="Source\Engine\EngineObjects\Renderer Pipelines\Scriptable">
      <UniqueIdentifier>{c4a424bb-123e-4a72-8b70-7944e4de2766}</UniqueIdentifier>
    </Filter>
    <Filter Include="Source\Engine\EngineObjects\Renderer Pipelines\Pipelines">
      <UniqueIdentifier>{6829fe7f-948b-4d4f-81bf-af4135be0757}</UniqueIdentifier>
    </Filter>
    <Filter Include="Source\Engine\EngineObjects\BasicGeometry">
      <UniqueIdentifier>{386a6d34-ef1f-4138-a991-277bd5a30896}</UniqueIdentifier>
    </Filter>
    <Filter Include="Source\Engine\EngineObjects\BasicGeometry\Bounding">
      <UniqueIdentifier>{543f12c8-fedf-4946-9e1f-3190a4b5974c}</UniqueIdentifier>
    </Filter>
    <Filter Include="Source\Engine\EngineObjects\Lighting">
      <UniqueIdentifier>{d66d5953-30f7-41ef-a9b8-2c3af8bab6d3}</UniqueIdentifier>
    </Filter>
    <Filter Include="Source\Engine\EngineObjects\Camera">
      <UniqueIdentifier>{391a5c0d-ce77-41cc-a18f-35618cbdd95c}</UniqueIdentifier>
    </Filter>
    <Filter Include="Source\Engine\Windows">
      <UniqueIdentifier>{eaefb023-df10-41a1-a6b8-7316371dfeaf}</UniqueIdentifier>
    </Filter>
    <Filter Include="Source\Engine\ScriptingAPI">
      <UniqueIdentifier>{62ca2674-a016-44ad-88bd-ee0cd47abe5f}</UniqueIdentifier>
    </Filter>
    <Filter Include="Source\Engine\ScriptingAPI\Lua">
      <UniqueIdentifier>{3eeb32de-0fc6-4579-b348-f8ef91848f9b}</UniqueIdentifier>
    </Filter>
    <Filter Include="Source\Engine\Preload">
      <UniqueIdentifier>{01657b83-b3e8-46b8-b76f-01e55e991879}</UniqueIdentifier>
    </Filter>
    <Filter Include="Source\Engine\Native">
      <UniqueIdentifier>{de4e4d3d-9b5c-43dd-861e-e98c5aeb001d}</UniqueIdentifier>
    </Filter>
    <Filter Include="Source\Engine\Editor">
      <UniqueIdentifier>{a3986d25-1246-4e1c-b842-df40194a65d6}</UniqueIdentifier>
    </Filter>
    <Filter Include="Source\Engine\Utils">
      <UniqueIdentifier>{1394687c-b10e-48e6-8430-d5caf21711a2}</UniqueIdentifier>
    </Filter>
    <Filter Include="Source\Engine\Configuration">
      <UniqueIdentifier>{74ef52fb-c3dd-415f-90d8-5990dff4cd5f}</UniqueIdentifier>
    </Filter>
    <Filter Include="Source\Engine\Signals">
      <UniqueIdentifier>{741a851b-feff-416d-a254-c447b15545d4}</UniqueIdentifier>
    </Filter>
    <Filter Include="Source\EngineTools">
      <UniqueIdentifier>{6d13b602-baec-4651-bcfb-eea23e4403db}</UniqueIdentifier>
    </Filter>
    <Filter Include="Headers">
      <UniqueIdentifier>{93995380-89BD-4b04-88EB-625FBE52EBFB}</UniqueIdentifier>
      <Extensions>h;hh;hpp;hxx;h++;hm;inl;inc;ipp;xsd</Extensions>
    </Filter>
    <Filter Include="Source\Engine\EngineObjects\2D">
      <UniqueIdentifier>{3d889251-e8ef-4e90-afb5-0daa528c9c5e}</UniqueIdentifier>
    </Filter>
    <Filter Include="Source\Resources">
      <UniqueIdentifier>{67DA6AB6-F800-4c08-8B7A-83BB121AAD01}</UniqueIdentifier>
      <Extensions>rc;ico;cur;bmp;dlg;rc2;rct;bin;rgs;gif;jpg;jpeg;jpe;resx;tiff;tif;png;wav;mfcribbon-ms</Extensions>
    </Filter>
    <Filter Include="Source\Engine\ScriptingAPI\Hooks">
      <UniqueIdentifier>{55cef652-b892-42af-9675-5bf4599b5aeb}</UniqueIdentifier>
    </Filter>
    <Filter Include="Source\Engine\ScriptingAPI\Managers">
      <UniqueIdentifier>{3d99b295-e380-45fe-a44a-3bde6f6f4c9a}</UniqueIdentifier>
    </Filter>
    <Filter Include="Source\Engine\ScriptingAPI\Wrappers">
      <UniqueIdentifier>{53a433c9-19f7-4f5e-99c5-ea01fef1a667}</UniqueIdentifier>
    </Filter>
    <Filter Include="Source\Engine\ScriptingAPI\Wrappers\GraphicsWrapper">
      <UniqueIdentifier>{5dd1dd43-b8d3-48fe-b378-b8c0d3012447}</UniqueIdentifier>
    </Filter>
    <Filter Include="Source\Engine\ScriptingAPI\Wrappers\TimeWrapper">
      <UniqueIdentifier>{88128305-5072-464d-be0b-575a0d18f476}</UniqueIdentifier>
    </Filter>
    <Filter Include="Source\Engine\GarbageCollector">
      <UniqueIdentifier>{f5c83e96-8249-4400-b93f-73ba01f9601e}</UniqueIdentifier>
    </Filter>
    <Filter Include="Source\Engine\EngineObjects\Editor">
      <UniqueIdentifier>{fc964e2e-ab08-40fc-a673-cdb4b39fa34d}</UniqueIdentifier>
    </Filter>
    <Filter Include="Source\Engine\EngineObjects\UI">
      <UniqueIdentifier>{1eefa2aa-1563-41e2-a423-92fadf8d55ea}</UniqueIdentifier>
    </Filter>
    <Filter Include="Source\Engine\Events">
      <UniqueIdentifier>{b25df8fd-c01b-4a23-a60e-fa9218564b41}</UniqueIdentifier>
    </Filter>
    <Filter Include="imgui\cimgui">
      <UniqueIdentifier>{8522c647-b2e4-40aa-88a8-d7565fd0c39f}</UniqueIdentifier>
    </Filter>
    <Filter Include="imgui\misc">
      <UniqueIdentifier>{cbc7d2d7-1207-49a7-bc59-d85acf69b88f}</UniqueIdentifier>
    </Filter>
    <Filter Include="imgui\misc\freetype">
      <UniqueIdentifier>{a2daa8db-e3fa-4b8d-833e-7b26f7ad09cb}</UniqueIdentifier>
    </Filter>
    <Filter Include="imgui\misc\fonts">
      <UniqueIdentifier>{4a232296-a2ab-4d0d-9439-fd5950f4dab5}</UniqueIdentifier>
    </Filter>
    <Filter Include="imgui\misc\debuggers">
      <UniqueIdentifier>{0aaab7ca-dac4-4fbc-b8e9-6210bf69d067}</UniqueIdentifier>
    </Filter>
    <Filter Include="imgui\misc\cpp">
      <UniqueIdentifier>{0bf50258-b86c-47b3-aecb-849570869212}</UniqueIdentifier>
    </Filter>
    <Filter Include="imgui\misc\single_file">
      <UniqueIdentifier>{8dfab3b0-9882-4737-8b3f-7a70eba0da54}</UniqueIdentifier>
    </Filter>
    <Filter Include="raylib\include\wrapper">
      <UniqueIdentifier>{e56c7419-1ea2-497e-ad13-fb2dc2d37e2c}</UniqueIdentifier>
    </Filter>
    <Filter Include="Source\EngineTools\Editor">
      <UniqueIdentifier>{ebd769a8-5af6-411d-b164-ec6af0c45d69}</UniqueIdentifier>
    </Filter>
    <Filter Include="Source\Engine\Reflection">
      <UniqueIdentifier>{b2e9df82-1d73-4a53-88e0-75579e196b3c}</UniqueIdentifier>
    </Filter>
  </ItemGroup>
  <ItemGroup>
    <ClInclude Include="Resource.h">
      <Filter>Headers</Filter>
    </ClInclude>
    <ClInclude Include="CastToNative.h">
      <Filter>Source\Engine\Marshaller</Filter>
    </ClInclude>
    <ClInclude Include="imgui\imgui.h">
      <Filter>imgui</Filter>
    </ClInclude>
    <ClInclude Include="imgui\imgui_internal.h">
      <Filter>imgui</Filter>
    </ClInclude>
    <ClInclude Include="imgui\imstb_rectpack.h">
      <Filter>imgui</Filter>
    </ClInclude>
    <ClInclude Include="imgui\imstb_textedit.h">
      <Filter>imgui</Filter>
    </ClInclude>
    <ClInclude Include="imgui\imstb_truetype.h">
      <Filter>imgui</Filter>
    </ClInclude>
    <ClInclude Include="imgui\imconfig.h">
      <Filter>imgui</Filter>
    </ClInclude>
    <ClInclude Include="DataManager.h">
      <Filter>Source\Engine\HLAPI</Filter>
    </ClInclude>
    <ClInclude Include="DataPacks.h">
      <Filter>Source\Engine\ObjectManagement</Filter>
    </ClInclude>
    <ClInclude Include="CameraPack.h">
      <Filter>Source\Engine\ObjectManagement\Cameras</Filter>
    </ClInclude>
    <ClInclude Include="MaterialPack.h">
      <Filter>Source\Engine\ObjectManagement\Materials</Filter>
    </ClInclude>
    <ClInclude Include="Window.h">
      <Filter>Source\Engine</Filter>
    </ClInclude>
    <ClInclude Include="Scene.h">
      <Filter>Source\Engine\Management\Instance</Filter>
    </ClInclude>
    <ClInclude Include="SceneManager.h">
      <Filter>Source\Engine\Management</Filter>
    </ClInclude>
    <ClInclude Include="CypherLib.h">
      <Filter>Source\Engine\Encryption</Filter>
    </ClInclude>
    <ClInclude Include="Window.h">
      <Filter>Archivos de origen\Engine</Filter>
    </ClInclude>
    <ClInclude Include="DataPack.h">
      <Filter>Source\Engine\ObjectManagement</Filter>
    </ClInclude>
    <ClInclude Include="WinAPI.h">
      <Filter>Source\Engine\Windows</Filter>
    </ClInclude>
    <ClInclude Include="FileManager.h">
      <Filter>Source\Engine\ObjectManagement</Filter>
    </ClInclude>
    <ClInclude Include="SceneObject.h">
      <Filter>Source\Engine\Management\MiddleLevel</Filter>
    </ClInclude>
    <ClInclude Include="Cast.h">
      <Filter>Source\Engine\Marshaller</Filter>
    </ClInclude>
    <ClInclude Include="Voxel.h">
      <Filter>Source\Engine\EngineObjects\Renderer Pipelines\VXBR\Voxel</Filter>
    </ClInclude>
    <ClInclude Include="VoxelRenderer.h">
      <Filter>Source\Engine\EngineObjects\Renderer Pipelines\VXBR</Filter>
    </ClInclude>
    <ClInclude Include="VoxelTypedefs.h">
      <Filter>Source\Engine\EngineObjects\Renderer Pipelines\VXBR\Typedefs</Filter>
    </ClInclude>
    <ClInclude Include="Chunk.h">
      <Filter>Source\Engine\EngineObjects\Renderer Pipelines\VXBR\Voxel</Filter>
    </ClInclude>
    <ClInclude Include="VoxelMatrix.h">
      <Filter>Source\Engine\EngineObjects\Renderer Pipelines\VXBR\Typedefs</Filter>
    </ClInclude>
    <ClInclude Include="AsmLoader.h">
      <Filter>Source\Engine</Filter>
    </ClInclude>
    <ClInclude Include="EngineIncludes.h">
      <Filter>Source\Engine</Filter>
    </ClInclude>
    <ClInclude Include="GlIncludes.h">
      <Filter>Source\Engine</Filter>
    </ClInclude>
    <ClInclude Include="PreloadScript.h">
      <Filter>Source\Engine\Preload</Filter>
    </ClInclude>
    <ClInclude Include="Objects\BoundingBoxRenderer.h">
      <Filter>Source\Engine\EngineObjects\BasicGeometry\Bounding</Filter>
    </ClInclude>
    <ClInclude Include="Objects\GridRenderer.h">
      <Filter>Source\Engine\EngineObjects\BasicGeometry</Filter>
    </ClInclude>
    <ClInclude Include="Objects\CubeRenderer.h">
      <Filter>Source\Engine\EngineObjects\BasicGeometry</Filter>
    </ClInclude>
    <ClInclude Include="Objects\LightDm.h">
      <Filter>Source\Engine\EngineObjects\Lighting</Filter>
    </ClInclude>
    <ClInclude Include="Objects\LightManager.h">
      <Filter>Source\Engine\EngineObjects\Lighting</Filter>
    </ClInclude>
    <ClInclude Include="Objects\ModelRenderer.h">
      <Filter>Source\Engine\EngineObjects\ModelRenderer</Filter>
    </ClInclude>
    <ClInclude Include="Objects\PBRModelRenderer.h">
      <Filter>Source\Engine\EngineObjects\PBR\PBRModelRenderer</Filter>
    </ClInclude>
    <ClInclude Include="Objects\ScriptBehaviour.h">
      <Filter>Source\Engine\EngineObjects\Script</Filter>
    </ClInclude>
    <ClInclude Include="Objects\Skybox.h">
      <Filter>Source\Engine\EngineObjects\Skybox</Filter>
    </ClInclude>
    <ClInclude Include="Objects\Daemon.h">
      <Filter>Source\Engine\EngineObjects</Filter>
    </ClInclude>
    <ClInclude Include="imgui\TextEditor\TextEditor.h">
      <Filter>imgui\TextEditor</Filter>
    </ClInclude>
    <ClInclude Include="native\json.hpp">
      <Filter>Source\Engine\Native</Filter>
    </ClInclude>
    <ClInclude Include="imguistyleserializer.h">
      <Filter>Source\Engine\Editor</Filter>
    </ClInclude>
    <ClInclude Include="Packs.h">
      <Filter>Source\Engine\ObjectManagement\Types</Filter>
    </ClInclude>
    <ClInclude Include="LoggingAPI.h">
      <Filter>Source\Engine\ScriptingAPI</Filter>
    </ClInclude>
    <ClInclude Include="LuaVM.h">
      <Filter>Source\Engine\ScriptingAPI\Lua</Filter>
    </ClInclude>
    <ClInclude Include="imgui\FileExplorer\filedialog.h">
      <Filter>imgui\FileExplorer</Filter>
    </ClInclude>
    <ClInclude Include="Objects\LuaScript.h">
      <Filter>Source\Engine\EngineObjects\Script</Filter>
    </ClInclude>
    <ClInclude Include="imgui\Fonts\IconsFontAwesome4.h">
      <Filter>imgui\Fonts</Filter>
    </ClInclude>
    <ClInclude Include="Attribute.h">
      <Filter>Source\Engine\ScriptingAPI\Lua</Filter>
    </ClInclude>
    <ClInclude Include="AttributeManager.h">
      <Filter>Source\Engine\ScriptingAPI\Lua</Filter>
    </ClInclude>
    <ClInclude Include="LogFileReporter.h">
      <Filter>Source\Engine\Utils</Filter>
    </ClInclude>
    <ClInclude Include="EngineConfig.h">
      <Filter>Source\Engine\Configuration</Filter>
    </ClInclude>
    <ClInclude Include="Objects\MeshRenderer.h">
      <Filter>Source\Engine\EngineObjects\ModelRenderer</Filter>
    </ClInclude>
    <ClInclude Include="Object\ObjectType.h">
      <Filter>Source\Engine\Object\Enums</Filter>
    </ClInclude>
    <ClInclude Include="Object\Layer.h">
      <Filter>Source\Engine\Object\Header</Filter>
    </ClInclude>
    <ClInclude Include="Object\Transform.h">
      <Filter>Source\Engine\Object\Header</Filter>
    </ClInclude>
    <ClInclude Include="Object\Vector2.h">
      <Filter>Source\Engine\Object\Header</Filter>
    </ClInclude>
    <ClInclude Include="Object\Vector3.h">
      <Filter>Source\Engine\Object\Header</Filter>
    </ClInclude>
    <ClInclude Include="Object\ViewSpace.h">
      <Filter>Source\Engine\Object\Enums</Filter>
    </ClInclude>
    <ClInclude Include="Object\Quaternion.h">
      <Filter>Source\Engine\Object\Header</Filter>
    </ClInclude>
    <ClInclude Include="Objects\Camera.h">
      <Filter>Source\Engine\EngineObjects\Camera</Filter>
    </ClInclude>
    <ClInclude Include="Objects\Camera3D.h">
      <Filter>Source\Engine\EngineObjects\Camera</Filter>
    </ClInclude>
    <ClInclude Include="Object\Color.h">
      <Filter>Source\Engine\Object\Header</Filter>
    </ClInclude>
    <ClInclude Include="Raylib\include\FA6FreeSolidFontData.h">
      <Filter>raylib\include\ext</Filter>
    </ClInclude>
    <ClInclude Include="Raylib\include\IconsFontAwesome6.h">
      <Filter>raylib\include\ext</Filter>
    </ClInclude>
    <ClInclude Include="Raylib\include\imgui_impl_raylib.h">
      <Filter>raylib\include\ext</Filter>
    </ClInclude>
    <ClInclude Include="Raylib\include\glad.h">
      <Filter>raylib\include\deps</Filter>
    </ClInclude>
    <ClInclude Include="Raylib\include\rlImGui.h">
      <Filter>raylib\include\impls\imgui</Filter>
    </ClInclude>
    <ClInclude Include="Raylib\include\rlImGuiColors.h">
      <Filter>raylib\include\impls\imgui</Filter>
    </ClInclude>
    <ClInclude Include="Raylib\include\raygui.h">
      <Filter>raylib\include\impls\raygui</Filter>
    </ClInclude>
    <ClInclude Include="Raylib\include\rPBR.h">
      <Filter>raylib\include\impls\other</Filter>
    </ClInclude>
    <ClInclude Include="Raylib\include\rlights.h">
      <Filter>raylib\include\impls\other</Filter>
    </ClInclude>
    <ClInclude Include="Raylib\include\x64\raylib.h">
      <Filter>raylib\include</Filter>
    </ClInclude>
    <ClInclude Include="Raylib\include\x64\raymath.h">
      <Filter>raylib\include</Filter>
    </ClInclude>
    <ClInclude Include="Raylib\include\x64\rlgl.h">
      <Filter>raylib\include</Filter>
    </ClInclude>
    <ClInclude Include="ManagedSignal.h">
      <Filter>Source\Engine\Signals</Filter>
    </ClInclude>
    <ClInclude Include="Objects\Pipeline\ScriptableRenderPipeline.hpp">
      <Filter>Source\Engine\EngineObjects\Renderer Pipelines\Scriptable</Filter>
    </ClInclude>
    <ClInclude Include="Singleton.h">
      <Filter>Source\Engine\ScriptingAPI</Filter>
    </ClInclude>
    <ClInclude Include="RenderPipelines\LightweightSRP.h">
      <Filter>Source\Engine\EngineObjects\Renderer Pipelines\Pipelines</Filter>
    </ClInclude>
    <ClInclude Include="RenderPipelines\LitPBR_SRP.h">
      <Filter>Source\Engine\EngineObjects\Renderer Pipelines\Pipelines</Filter>
    </ClInclude>
    <ClInclude Include="RenderPipelines\RaymarchSRP.h">
      <Filter>Source\Engine\EngineObjects\Renderer Pipelines\Pipelines</Filter>
    </ClInclude>
    <ClInclude Include="Includes.h">
      <Filter>Source</Filter>
    </ClInclude>
    <ClInclude Include="Macros.h">
      <Filter>Source</Filter>
    </ClInclude>
    <ClInclude Include="Objects\Camera2D.h">
      <Filter>Source\Engine\EngineObjects\Camera</Filter>
    </ClInclude>
    <ClInclude Include="Objects\Sprite.h">
      <Filter>Source\Engine\EngineObjects\2D</Filter>
    </ClInclude>
    <ClInclude Include="Objects\Script.h">
      <Filter>Source\Engine\EngineObjects\Script</Filter>
    </ClInclude>
    <ClInclude Include="GraphicsWrapper.h">
      <Filter>Source\Engine\ScriptingAPI\Wrappers\GraphicsWrapper</Filter>
    </ClInclude>
    <ClInclude Include="ImGuiHook.h">
      <Filter>Source\Engine\ScriptingAPI\Hooks</Filter>
    </ClInclude>
    <ClInclude Include="InputManager.h">
      <Filter>Source\Engine\ScriptingAPI\Managers</Filter>
    </ClInclude>
    <ClInclude Include="Object\LayerManager.h">
      <Filter>Source\Engine\ScriptingAPI\Managers</Filter>
    </ClInclude>
    <ClInclude Include="ObjectManager.h">
      <Filter>Source\Engine\ScriptingAPI\Managers</Filter>
    </ClInclude>
    <ClInclude Include="ShaderManager.h">
      <Filter>Source\Engine\ScriptingAPI\Managers</Filter>
    </ClInclude>
    <ClInclude Include="Time.h">
      <Filter>Source\Engine\ScriptingAPI\Wrappers\TimeWrapper</Filter>
    </ClInclude>
    <ClInclude Include="EngineGC.h">
      <Filter>Source\Engine\GarbageCollector</Filter>
    </ClInclude>
    <ClInclude Include="Objects\EditorCamera.h">
      <Filter>Source\Engine\EngineObjects\Editor</Filter>
    </ClInclude>
    <ClInclude Include="Objects\EditorPlugin.h">
      <Filter>Source\Engine\EngineObjects\Editor</Filter>
    </ClInclude>
    <ClInclude Include="Objects\UI\Button.h">
      <Filter>Source\Engine\EngineObjects\UI</Filter>
    </ClInclude>
    <ClInclude Include="Event.h">
      <Filter>Source\Engine\Events</Filter>
    </ClInclude>
    <ClInclude Include="imgui\cimgui.h">
      <Filter>imgui\cimgui</Filter>
    </ClInclude>
    <ClInclude Include="imgui\misc\cpp\imgui_stdlib.h">
      <Filter>imgui\misc\cpp</Filter>
    </ClInclude>
    <ClInclude Include="imgui\misc\freetype\imgui_freetype.h">
      <Filter>imgui\misc\freetype</Filter>
    </ClInclude>
    <ClInclude Include="imgui\misc\single_file\imgui_single_file.h">
      <Filter>imgui\misc\single_file</Filter>
    </ClInclude>
    <ClInclude Include="EditorGUI.h">
      <Filter>Source\EngineTools\Editor</Filter>
    </ClInclude>
    <ClInclude Include="Reflection\ReflectedType.h">
      <Filter>Source\Engine\Reflection</Filter>
    </ClInclude>
  </ItemGroup>
  <ItemGroup>
    <ClCompile Include="AssemblyInfo.cpp">
      <Filter>Source</Filter>
    </ClCompile>
    <ClCompile Include="CastToNative.cpp">
      <Filter>Source\Engine\Marshaller</Filter>
    </ClCompile>
    <ClCompile Include="imgui\imgui.cpp">
      <Filter>imgui</Filter>
    </ClCompile>
    <ClCompile Include="imgui\imgui_demo.cpp">
      <Filter>imgui</Filter>
    </ClCompile>
    <ClCompile Include="imgui\imgui_draw.cpp">
      <Filter>imgui</Filter>
    </ClCompile>
    <ClCompile Include="imgui\imgui_tables.cpp">
      <Filter>imgui</Filter>
    </ClCompile>
    <ClCompile Include="imgui\imgui_widgets.cpp">
      <Filter>imgui</Filter>
    </ClCompile>
    <ClCompile Include="WinAPI.cpp">
      <Filter>Source\Engine\Windows</Filter>
    </ClCompile>
    <ClCompile Include="GoldEngine.cpp">
      <Filter>Source\EngineTools</Filter>
    </ClCompile>
    <ClCompile Include="imgui\TextEditor\TextEditor.cpp">
      <Filter>imgui\TextEditor</Filter>
    </ClCompile>
    <ClCompile Include="imguistyleserializer.cpp">
      <Filter>Source\Engine\Editor</Filter>
    </ClCompile>
    <ClCompile Include="Object\Layer.cpp">
      <Filter>Source\Engine\Object\Source</Filter>
    </ClCompile>
    <ClCompile Include="Object\Vector2.cpp">
      <Filter>Source\Engine\Object\Source</Filter>
    </ClCompile>
    <ClCompile Include="Object\Vector3.cpp">
      <Filter>Source\Engine\Object\Source</Filter>
    </ClCompile>
    <ClCompile Include="Object\Quaternion.cpp">
      <Filter>Source\Engine\Object\Source</Filter>
    </ClCompile>
    <ClCompile Include="Packs.cpp">
      <Filter>Source\Engine\ObjectManagement\Types</Filter>
    </ClCompile>
    <ClCompile Include="Object\Color.cpp">
      <Filter>Source\Engine\Object\Source</Filter>
    </ClCompile>
    <ClCompile Include="Raylib\include\rlImGui.cpp">
      <Filter>raylib\include\impls\imgui</Filter>
    </ClCompile>
    <ClCompile Include="Attribute.cpp">
      <Filter>Source\Engine\ScriptingAPI\Lua</Filter>
    </ClCompile>
    <ClCompile Include="GraphicsWrapper.cpp">
      <Filter>Source\Engine\ScriptingAPI\Wrappers\GraphicsWrapper</Filter>
    </ClCompile>
    <ClCompile Include="Time.cpp">
      <Filter>Source\Engine\ScriptingAPI\Wrappers\TimeWrapper</Filter>
    </ClCompile>
    <ClCompile Include="EngineGC.cpp">
      <Filter>Source\Engine\GarbageCollector</Filter>
    </ClCompile>
    <ClCompile Include="Event.cpp">
      <Filter>Source\Engine\Events</Filter>
    </ClCompile>
    <ClCompile Include="imgui\cimgui.cpp">
      <Filter>imgui\cimgui</Filter>
    </ClCompile>
    <ClCompile Include="imgui\misc\cpp\imgui_stdlib.cpp">
      <Filter>imgui\misc\cpp</Filter>
    </ClCompile>
    <ClCompile Include="Raylib\craylib\craylib.cpp">
      <Filter>raylib\include\wrapper</Filter>
    </ClCompile>
    <ClCompile Include="Reflection\ReflectedType.cpp">
      <Filter>Source\Engine\Reflection</Filter>
    </ClCompile>
  </ItemGroup>
  <ItemGroup>
    <ResourceCompile Include="app.rc">
      <Filter>Source\Resources</Filter>
    </ResourceCompile>
  </ItemGroup>
  <ItemGroup>
    <Image Include="app.ico">
      <Filter>Source\Resources</Filter>
    </Image>
  </ItemGroup>
  <ItemGroup>
    <CopyFileToFolders Include="Data\Engine\Models\Error.obj">
      <Filter>Data\Engine\Models</Filter>
    </CopyFileToFolders>
    <CopyFileToFolders Include="Data\Engine\Shaders\base.vs">
      <Filter>Data\Engine\Shaders</Filter>
    </CopyFileToFolders>
    <CopyFileToFolders Include="Data\Engine\Shaders\base.fs">
      <Filter>Data\Engine\Shaders</Filter>
    </CopyFileToFolders>
    <CopyFileToFolders Include="Data\Engine\Skybox\Default.hdr">
      <Filter>Data\Engine\Skybox</Filter>
    </CopyFileToFolders>
    <CopyFileToFolders Include="Data\Engine\Shaders\rPBR\pbr.frag">
      <Filter>Data\Engine\Shaders\rPBR</Filter>
    </CopyFileToFolders>
    <CopyFileToFolders Include="Data\Engine\Shaders\rPBR\pbr.vert">
      <Filter>Data\Engine\Shaders\rPBR</Filter>
    </CopyFileToFolders>
    <CopyFileToFolders Include="Data\Engine\Shaders\textured\albedo.fs">
      <Filter>Data\Engine\Shaders\Textured</Filter>
    </CopyFileToFolders>
    <CopyFileToFolders Include="Data\Engine\Shaders\textured\albedo.vs">
      <Filter>Data\Engine\Shaders\Textured</Filter>
    </CopyFileToFolders>
    <CopyFileToFolders Include="Data\Engine\Textures\Error.png">
      <Filter>Data\Engine\Textures</Filter>
    </CopyFileToFolders>
    <CopyFileToFolders Include="EditorAssets\Icons\Material.png">
      <Filter>Data\EditorAssets\Icons</Filter>
    </CopyFileToFolders>
    <CopyFileToFolders Include="EditorAssets\Icons\Model.png">
      <Filter>Data\EditorAssets\Icons</Filter>
    </CopyFileToFolders>
    <CopyFileToFolders Include="EditorAssets\Icons\Run.png">
      <Filter>Data\EditorAssets\Icons</Filter>
    </CopyFileToFolders>
    <CopyFileToFolders Include="EditorAssets\Icons\Stop.png">
      <Filter>Data\EditorAssets\Icons</Filter>
    </CopyFileToFolders>
    <CopyFileToFolders Include="EditorAssets\Fonts\fontawesome-webfont.ttf">
      <Filter>Data\EditorAssets\Fonts</Filter>
    </CopyFileToFolders>
  </ItemGroup>
  <ItemGroup>
    <None Include="Data\Engine\Shaders\Lighting\rlights.vert">
      <Filter>Data\Engine\Shaders\Lighting</Filter>
    </None>
    <None Include="Data\Engine\Shaders\Lighting\rlights.frag">
      <Filter>Data\Engine\Shaders\Lighting</Filter>
    </None>
    <None Include="Bin\FBX2glTF.exe">
      <Filter>Binaries\fbx2gltf</Filter>
    </None>
    <None Include="imgui\misc\debuggers\imgui.gdb">
      <Filter>imgui\misc\debuggers</Filter>
    </None>
    <None Include="imgui\misc\debuggers\imgui.natstepfilter">
      <Filter>imgui\misc\debuggers</Filter>
    </None>
  </ItemGroup>
  <ItemGroup>
    <Text Include="imgui\misc\README.txt">
      <Filter>imgui\misc</Filter>
    </Text>
  </ItemGroup>
  <ItemGroup>
    <Natvis Include="imgui\misc\debuggers\imgui.natvis">
      <Filter>imgui\misc\debuggers</Filter>
    </Natvis>
  </ItemGroup>
  <ItemGroup>
    <Font Include="imgui\misc\fonts\Cousine-Regular.ttf">
      <Filter>imgui\misc\fonts</Filter>
    </Font>
    <Font Include="imgui\misc\fonts\DroidSans.ttf">
      <Filter>imgui\misc\fonts</Filter>
    </Font>
    <Font Include="imgui\misc\fonts\Karla-Regular.ttf">
      <Filter>imgui\misc\fonts</Filter>
    </Font>
    <Font Include="imgui\misc\fonts\ProggyClean.ttf">
      <Filter>imgui\misc\fonts</Filter>
    </Font>
    <Font Include="imgui\misc\fonts\ProggyTiny.ttf">
      <Filter>imgui\misc\fonts</Filter>
    </Font>
    <Font Include="imgui\misc\fonts\Roboto-Medium.ttf">
      <Filter>imgui\misc\fonts</Filter>
    </Font>
  </ItemGroup>
</Project>