
Microsoft Visual Studio Solution File, Format Version 12.00
# Visual Studio Version 17
VisualStudioVersion = 17.8.34316.72
MinimumVisualStudioVersion = 10.0.40219.1
Project("{8BC9CEB8-8B4A-11D0-8D11-00A0C91BC942}") = "GoldEngine-Internal", "GoldEngine-Internal\GoldEngine-Internal.vcxproj", "{564D6646-9C1F-4294-A506-05FF2ADF9A18}"
EndProject
Project("{8BC9CEB8-8B4A-11D0-8D11-00A0C91BC942}") = "GoldEngine_ScriptAssembly", "GoldEngine_Editor\GoldEngine_Editor.vcxproj", "{3A472ACB-64A6-43AE-A778-191102E152DB}"
EndProject
Project("{2150E333-8FDC-42A3-9474-1A3956D46DE8}") = "Deps", "Deps", "{922251E8-ED0E-4270-95D1-1D12826BDB36}"
EndProject
Project("{2150E333-8FDC-42A3-9474-1A3956D46DE8}") = "glfw_x86", "glfw_x86", "{CDC61B43-356D-4C16-888B-0C651F19FC16}"
EndProject
Project("{2150E333-8FDC-42A3-9474-1A3956D46DE8}") = "x86", "x86", "{AD236641-FF2F-4363-AFE0-78E751BFF36B}"
EndProject
Project("{2150E333-8FDC-42A3-9474-1A3956D46DE8}") = "x64", "x64", "{02D71ECA-EA75-40CB-B26C-A5E822479390}"
EndProject
Project("{2150E333-8FDC-42A3-9474-1A3956D46DE8}") = "glfw_x64", "glfw_x64", "{F514247F-4FD7-4815-BB6D-06BCA43EF29F}"
EndProject
Project("{8BC9CEB8-8B4A-11D0-8D11-00A0C91BC942}") = "glfw", "Solutions\API\raylib\build\x86\raylib\external\glfw\src\glfw.vcxproj", "{BC9B5EB3-DA41-317C-80C3-02D41EB178F7}"
EndProject
Project("{8BC9CEB8-8B4A-11D0-8D11-00A0C91BC942}") = "raylib", "Solutions\API\raylib\build\x86\raylib\raylib.vcxproj", "{F9B3C4ED-8979-33EA-BF8F-F8408ABDD508}"
EndProject
Project("{8BC9CEB8-8B4A-11D0-8D11-00A0C91BC942}") = "raylib", "Solutions\API\raylib\build\x64\raylib\raylib.vcxproj", "{32B999C1-4BC6-3235-B369-6E75F1590F28}"
EndProject
Project("{8BC9CEB8-8B4A-11D0-8D11-00A0C91BC942}") = "glfw", "Solutions\API\raylib\build\x64\raylib\external\glfw\src\glfw.vcxproj", "{C91DF341-6ABA-37DA-A77F-5C7366F8B376}"
EndProject
Project("{2150E333-8FDC-42A3-9474-1A3956D46DE8}") = "Utils", "Utils", "{5536377A-9DE1-414B-945F-67C5987023C4}"
EndProject
Project("{2150E333-8FDC-42A3-9474-1A3956D46DE8}") = "Raylib", "Raylib", "{BAFB1929-C84E-4B39-AA63-0B03CA1686C0}"
EndProject
Project("{8BC9CEB8-8B4A-11D0-8D11-00A0C91BC942}") = "WineBootstrapper", "Utils\WineBootstrap\WineBootstrapper\WineBootstrapper.vcxproj", "{4D34E459-DE02-455F-AE2F-6D75AE2CF664}"
EndProject
Project("{2150E333-8FDC-42A3-9474-1A3956D46DE8}") = "Android", "Android", "{0B884067-53C1-4980-9996-F510295113AF}"
EndProject
Project("{39E2626F-3545-4960-A6E8-258AD8476CE5}") = "AndroidCompat", "Utils\Android\AndroidCompat\AndroidCompat.androidproj", "{3D946707-7529-4F0A-8F54-349F74D6BC4B}"
EndProject
Global
	GlobalSection(SolutionConfigurationPlatforms) = preSolution
		Debug|Any CPU = Debug|Any CPU
		Debug|ARM = Debug|ARM
		Debug|ARM64 = Debug|ARM64
		Debug|Win32 = Debug|Win32
		Debug|x64 = Debug|x64
		Debug|x86 = Debug|x86
		PlaybackEngine_Release|Any CPU = PlaybackEngine_Release|Any CPU
		PlaybackEngine_Release|ARM = PlaybackEngine_Release|ARM
		PlaybackEngine_Release|ARM64 = PlaybackEngine_Release|ARM64
		PlaybackEngine_Release|Win32 = PlaybackEngine_Release|Win32
		PlaybackEngine_Release|x64 = PlaybackEngine_Release|x64
		PlaybackEngine_Release|x86 = PlaybackEngine_Release|x86
		Release|Any CPU = Release|Any CPU
		Release|ARM = Release|ARM
		Release|ARM64 = Release|ARM64
		Release|Win32 = Release|Win32
		Release|x64 = Release|x64
		Release|x86 = Release|x86
	EndGlobalSection
	GlobalSection(ProjectConfigurationPlatforms) = postSolution
		{564D6646-9C1F-4294-A506-05FF2ADF9A18}.Debug|Any CPU.ActiveCfg = Debug|x64
		{564D6646-9C1F-4294-A506-05FF2ADF9A18}.Debug|Any CPU.Build.0 = Debug|x64
		{564D6646-9C1F-4294-A506-05FF2ADF9A18}.Debug|ARM.ActiveCfg = Debug|x64
		{564D6646-9C1F-4294-A506-05FF2ADF9A18}.Debug|ARM.Build.0 = Debug|x64
		{564D6646-9C1F-4294-A506-05FF2ADF9A18}.Debug|ARM64.ActiveCfg = Debug|x64
		{564D6646-9C1F-4294-A506-05FF2ADF9A18}.Debug|ARM64.Build.0 = Debug|x64
		{564D6646-9C1F-4294-A506-05FF2ADF9A18}.Debug|Win32.ActiveCfg = Debug|Win32
		{564D6646-9C1F-4294-A506-05FF2ADF9A18}.Debug|Win32.Build.0 = Debug|Win32
		{564D6646-9C1F-4294-A506-05FF2ADF9A18}.Debug|x64.ActiveCfg = Debug|x64
		{564D6646-9C1F-4294-A506-05FF2ADF9A18}.Debug|x64.Build.0 = Debug|x64
		{564D6646-9C1F-4294-A506-05FF2ADF9A18}.Debug|x86.ActiveCfg = Debug|Win32
		{564D6646-9C1F-4294-A506-05FF2ADF9A18}.Debug|x86.Build.0 = Debug|Win32
		{564D6646-9C1F-4294-A506-05FF2ADF9A18}.PlaybackEngine_Release|Any CPU.ActiveCfg = PlaybackEngine_Release|x64
		{564D6646-9C1F-4294-A506-05FF2ADF9A18}.PlaybackEngine_Release|Any CPU.Build.0 = PlaybackEngine_Release|x64
		{564D6646-9C1F-4294-A506-05FF2ADF9A18}.PlaybackEngine_Release|ARM.ActiveCfg = PlaybackEngine_Release|x64
		{564D6646-9C1F-4294-A506-05FF2ADF9A18}.PlaybackEngine_Release|ARM.Build.0 = PlaybackEngine_Release|x64
		{564D6646-9C1F-4294-A506-05FF2ADF9A18}.PlaybackEngine_Release|ARM64.ActiveCfg = PlaybackEngine_Release|x64
		{564D6646-9C1F-4294-A506-05FF2ADF9A18}.PlaybackEngine_Release|ARM64.Build.0 = PlaybackEngine_Release|x64
		{564D6646-9C1F-4294-A506-05FF2ADF9A18}.PlaybackEngine_Release|Win32.ActiveCfg = PlaybackEngine_Release|Win32
		{564D6646-9C1F-4294-A506-05FF2ADF9A18}.PlaybackEngine_Release|Win32.Build.0 = PlaybackEngine_Release|Win32
		{564D6646-9C1F-4294-A506-05FF2ADF9A18}.PlaybackEngine_Release|x64.ActiveCfg = PlaybackEngine_Release|x64
		{564D6646-9C1F-4294-A506-05FF2ADF9A18}.PlaybackEngine_Release|x64.Build.0 = PlaybackEngine_Release|x64
		{564D6646-9C1F-4294-A506-05FF2ADF9A18}.PlaybackEngine_Release|x86.ActiveCfg = PlaybackEngine_Release|Win32
		{564D6646-9C1F-4294-A506-05FF2ADF9A18}.PlaybackEngine_Release|x86.Build.0 = PlaybackEngine_Release|Win32
		{564D6646-9C1F-4294-A506-05FF2ADF9A18}.Release|Any CPU.ActiveCfg = Release|x64
		{564D6646-9C1F-4294-A506-05FF2ADF9A18}.Release|Any CPU.Build.0 = Release|x64
		{564D6646-9C1F-4294-A506-05FF2ADF9A18}.Release|ARM.ActiveCfg = Release|x64
		{564D6646-9C1F-4294-A506-05FF2ADF9A18}.Release|ARM.Build.0 = Release|x64
		{564D6646-9C1F-4294-A506-05FF2ADF9A18}.Release|ARM64.ActiveCfg = Release|x64
		{564D6646-9C1F-4294-A506-05FF2ADF9A18}.Release|ARM64.Build.0 = Release|x64
		{564D6646-9C1F-4294-A506-05FF2ADF9A18}.Release|Win32.ActiveCfg = Release|Win32
		{564D6646-9C1F-4294-A506-05FF2ADF9A18}.Release|Win32.Build.0 = Release|Win32
		{564D6646-9C1F-4294-A506-05FF2ADF9A18}.Release|x64.ActiveCfg = Release|x64
		{564D6646-9C1F-4294-A506-05FF2ADF9A18}.Release|x64.Build.0 = Release|x64
		{564D6646-9C1F-4294-A506-05FF2ADF9A18}.Release|x86.ActiveCfg = Release|Win32
		{564D6646-9C1F-4294-A506-05FF2ADF9A18}.Release|x86.Build.0 = Release|Win32
		{3A472ACB-64A6-43AE-A778-191102E152DB}.Debug|Any CPU.ActiveCfg = Debug|x64
		{3A472ACB-64A6-43AE-A778-191102E152DB}.Debug|Any CPU.Build.0 = Debug|x64
		{3A472ACB-64A6-43AE-A778-191102E152DB}.Debug|ARM.ActiveCfg = Debug|x64
		{3A472ACB-64A6-43AE-A778-191102E152DB}.Debug|ARM.Build.0 = Debug|x64
		{3A472ACB-64A6-43AE-A778-191102E152DB}.Debug|ARM64.ActiveCfg = Debug|x64
		{3A472ACB-64A6-43AE-A778-191102E152DB}.Debug|ARM64.Build.0 = Debug|x64
		{3A472ACB-64A6-43AE-A778-191102E152DB}.Debug|Win32.ActiveCfg = Debug|Win32
		{3A472ACB-64A6-43AE-A778-191102E152DB}.Debug|Win32.Build.0 = Debug|Win32
		{3A472ACB-64A6-43AE-A778-191102E152DB}.Debug|x64.ActiveCfg = Debug|x64
		{3A472ACB-64A6-43AE-A778-191102E152DB}.Debug|x64.Build.0 = Debug|x64
		{3A472ACB-64A6-43AE-A778-191102E152DB}.Debug|x86.ActiveCfg = Debug|Win32
		{3A472ACB-64A6-43AE-A778-191102E152DB}.Debug|x86.Build.0 = Debug|Win32
		{3A472ACB-64A6-43AE-A778-191102E152DB}.PlaybackEngine_Release|Any CPU.ActiveCfg = Release|x64
		{3A472ACB-64A6-43AE-A778-191102E152DB}.PlaybackEngine_Release|Any CPU.Build.0 = Release|x64
		{3A472ACB-64A6-43AE-A778-191102E152DB}.PlaybackEngine_Release|ARM.ActiveCfg = PlaybackEngine_Release|x64
		{3A472ACB-64A6-43AE-A778-191102E152DB}.PlaybackEngine_Release|ARM.Build.0 = PlaybackEngine_Release|x64
		{3A472ACB-64A6-43AE-A778-191102E152DB}.PlaybackEngine_Release|ARM64.ActiveCfg = PlaybackEngine_Release|x64
		{3A472ACB-64A6-43AE-A778-191102E152DB}.PlaybackEngine_Release|ARM64.Build.0 = PlaybackEngine_Release|x64
		{3A472ACB-64A6-43AE-A778-191102E152DB}.PlaybackEngine_Release|Win32.ActiveCfg = Release|Win32
		{3A472ACB-64A6-43AE-A778-191102E152DB}.PlaybackEngine_Release|Win32.Build.0 = Release|Win32
		{3A472ACB-64A6-43AE-A778-191102E152DB}.PlaybackEngine_Release|x64.ActiveCfg = Release|x64
		{3A472ACB-64A6-43AE-A778-191102E152DB}.PlaybackEngine_Release|x64.Build.0 = Release|x64
		{3A472ACB-64A6-43AE-A778-191102E152DB}.PlaybackEngine_Release|x86.ActiveCfg = Release|Win32
		{3A472ACB-64A6-43AE-A778-191102E152DB}.PlaybackEngine_Release|x86.Build.0 = Release|Win32
		{3A472ACB-64A6-43AE-A778-191102E152DB}.Release|Any CPU.ActiveCfg = Release|x64
		{3A472ACB-64A6-43AE-A778-191102E152DB}.Release|Any CPU.Build.0 = Release|x64
		{3A472ACB-64A6-43AE-A778-191102E152DB}.Release|ARM.ActiveCfg = Release|x64
		{3A472ACB-64A6-43AE-A778-191102E152DB}.Release|ARM.Build.0 = Release|x64
		{3A472ACB-64A6-43AE-A778-191102E152DB}.Release|ARM64.ActiveCfg = Release|x64
		{3A472ACB-64A6-43AE-A778-191102E152DB}.Release|ARM64.Build.0 = Release|x64
		{3A472ACB-64A6-43AE-A778-191102E152DB}.Release|Win32.ActiveCfg = Release|Win32
		{3A472ACB-64A6-43AE-A778-191102E152DB}.Release|Win32.Build.0 = Release|Win32
		{3A472ACB-64A6-43AE-A778-191102E152DB}.Release|x64.ActiveCfg = Release|x64
		{3A472ACB-64A6-43AE-A778-191102E152DB}.Release|x64.Build.0 = Release|x64
		{3A472ACB-64A6-43AE-A778-191102E152DB}.Release|x86.ActiveCfg = Release|Win32
		{3A472ACB-64A6-43AE-A778-191102E152DB}.Release|x86.Build.0 = Release|Win32
		{BC9B5EB3-DA41-317C-80C3-02D41EB178F7}.Debug|Any CPU.ActiveCfg = Debug|Win32
		{BC9B5EB3-DA41-317C-80C3-02D41EB178F7}.Debug|Any CPU.Build.0 = Debug|Win32
		{BC9B5EB3-DA41-317C-80C3-02D41EB178F7}.Debug|ARM.ActiveCfg = Debug|Win32
		{BC9B5EB3-DA41-317C-80C3-02D41EB178F7}.Debug|ARM.Build.0 = Debug|Win32
		{BC9B5EB3-DA41-317C-80C3-02D41EB178F7}.Debug|ARM64.ActiveCfg = Debug|Win32
		{BC9B5EB3-DA41-317C-80C3-02D41EB178F7}.Debug|ARM64.Build.0 = Debug|Win32
		{BC9B5EB3-DA41-317C-80C3-02D41EB178F7}.Debug|Win32.ActiveCfg = Debug|Win32
		{BC9B5EB3-DA41-317C-80C3-02D41EB178F7}.Debug|Win32.Build.0 = Debug|Win32
		{BC9B5EB3-DA41-317C-80C3-02D41EB178F7}.Debug|x64.ActiveCfg = Debug|Win32
		{BC9B5EB3-DA41-317C-80C3-02D41EB178F7}.Debug|x64.Build.0 = Debug|Win32
		{BC9B5EB3-DA41-317C-80C3-02D41EB178F7}.Debug|x86.ActiveCfg = Debug|Win32
		{BC9B5EB3-DA41-317C-80C3-02D41EB178F7}.Debug|x86.Build.0 = Debug|Win32
		{BC9B5EB3-DA41-317C-80C3-02D41EB178F7}.PlaybackEngine_Release|Any CPU.ActiveCfg = Release|Win32
		{BC9B5EB3-DA41-317C-80C3-02D41EB178F7}.PlaybackEngine_Release|Any CPU.Build.0 = Release|Win32
		{BC9B5EB3-DA41-317C-80C3-02D41EB178F7}.PlaybackEngine_Release|ARM.ActiveCfg = PlaybackEngine_Release|Win32
		{BC9B5EB3-DA41-317C-80C3-02D41EB178F7}.PlaybackEngine_Release|ARM.Build.0 = PlaybackEngine_Release|Win32
		{BC9B5EB3-DA41-317C-80C3-02D41EB178F7}.PlaybackEngine_Release|ARM64.ActiveCfg = PlaybackEngine_Release|Win32
		{BC9B5EB3-DA41-317C-80C3-02D41EB178F7}.PlaybackEngine_Release|ARM64.Build.0 = PlaybackEngine_Release|Win32
		{BC9B5EB3-DA41-317C-80C3-02D41EB178F7}.PlaybackEngine_Release|Win32.ActiveCfg = Release|Win32
		{BC9B5EB3-DA41-317C-80C3-02D41EB178F7}.PlaybackEngine_Release|Win32.Build.0 = Release|Win32
		{BC9B5EB3-DA41-317C-80C3-02D41EB178F7}.PlaybackEngine_Release|x64.ActiveCfg = Release|Win32
		{BC9B5EB3-DA41-317C-80C3-02D41EB178F7}.PlaybackEngine_Release|x64.Build.0 = Release|Win32
		{BC9B5EB3-DA41-317C-80C3-02D41EB178F7}.PlaybackEngine_Release|x86.ActiveCfg = Release|Win32
		{BC9B5EB3-DA41-317C-80C3-02D41EB178F7}.PlaybackEngine_Release|x86.Build.0 = Release|Win32
		{BC9B5EB3-DA41-317C-80C3-02D41EB178F7}.Release|Any CPU.ActiveCfg = Release|Win32
		{BC9B5EB3-DA41-317C-80C3-02D41EB178F7}.Release|Any CPU.Build.0 = Release|Win32
		{BC9B5EB3-DA41-317C-80C3-02D41EB178F7}.Release|ARM.ActiveCfg = Release|Win32
		{BC9B5EB3-DA41-317C-80C3-02D41EB178F7}.Release|ARM.Build.0 = Release|Win32
		{BC9B5EB3-DA41-317C-80C3-02D41EB178F7}.Release|ARM64.ActiveCfg = Release|Win32
		{BC9B5EB3-DA41-317C-80C3-02D41EB178F7}.Release|ARM64.Build.0 = Release|Win32
		{BC9B5EB3-DA41-317C-80C3-02D41EB178F7}.Release|Win32.ActiveCfg = Release|Win32
		{BC9B5EB3-DA41-317C-80C3-02D41EB178F7}.Release|Win32.Build.0 = Release|Win32
		{BC9B5EB3-DA41-317C-80C3-02D41EB178F7}.Release|x64.ActiveCfg = Release|Win32
		{BC9B5EB3-DA41-317C-80C3-02D41EB178F7}.Release|x64.Build.0 = Release|Win32
		{BC9B5EB3-DA41-317C-80C3-02D41EB178F7}.Release|x86.ActiveCfg = Release|Win32
		{BC9B5EB3-DA41-317C-80C3-02D41EB178F7}.Release|x86.Build.0 = Release|Win32
		{F9B3C4ED-8979-33EA-BF8F-F8408ABDD508}.Debug|Any CPU.ActiveCfg = Debug|Win32
		{F9B3C4ED-8979-33EA-BF8F-F8408ABDD508}.Debug|Any CPU.Build.0 = Debug|Win32
		{F9B3C4ED-8979-33EA-BF8F-F8408ABDD508}.Debug|ARM.ActiveCfg = Debug|Win32
		{F9B3C4ED-8979-33EA-BF8F-F8408ABDD508}.Debug|ARM.Build.0 = Debug|Win32
		{F9B3C4ED-8979-33EA-BF8F-F8408ABDD508}.Debug|ARM64.ActiveCfg = Debug|Win32
		{F9B3C4ED-8979-33EA-BF8F-F8408ABDD508}.Debug|ARM64.Build.0 = Debug|Win32
		{F9B3C4ED-8979-33EA-BF8F-F8408ABDD508}.Debug|Win32.ActiveCfg = Debug|Win32
		{F9B3C4ED-8979-33EA-BF8F-F8408ABDD508}.Debug|Win32.Build.0 = Debug|Win32
		{F9B3C4ED-8979-33EA-BF8F-F8408ABDD508}.Debug|x64.ActiveCfg = Debug|Win32
		{F9B3C4ED-8979-33EA-BF8F-F8408ABDD508}.Debug|x64.Build.0 = Debug|Win32
		{F9B3C4ED-8979-33EA-BF8F-F8408ABDD508}.Debug|x86.ActiveCfg = Debug|Win32
		{F9B3C4ED-8979-33EA-BF8F-F8408ABDD508}.Debug|x86.Build.0 = Debug|Win32
		{F9B3C4ED-8979-33EA-BF8F-F8408ABDD508}.PlaybackEngine_Release|Any CPU.ActiveCfg = Release|Win32
		{F9B3C4ED-8979-33EA-BF8F-F8408ABDD508}.PlaybackEngine_Release|Any CPU.Build.0 = Release|Win32
		{F9B3C4ED-8979-33EA-BF8F-F8408ABDD508}.PlaybackEngine_Release|ARM.ActiveCfg = PlaybackEngine_Release|Win32
		{F9B3C4ED-8979-33EA-BF8F-F8408ABDD508}.PlaybackEngine_Release|ARM.Build.0 = PlaybackEngine_Release|Win32
		{F9B3C4ED-8979-33EA-BF8F-F8408ABDD508}.PlaybackEngine_Release|ARM64.ActiveCfg = PlaybackEngine_Release|Win32
		{F9B3C4ED-8979-33EA-BF8F-F8408ABDD508}.PlaybackEngine_Release|ARM64.Build.0 = PlaybackEngine_Release|Win32
		{F9B3C4ED-8979-33EA-BF8F-F8408ABDD508}.PlaybackEngine_Release|Win32.ActiveCfg = Release|Win32
		{F9B3C4ED-8979-33EA-BF8F-F8408ABDD508}.PlaybackEngine_Release|Win32.Build.0 = Release|Win32
		{F9B3C4ED-8979-33EA-BF8F-F8408ABDD508}.PlaybackEngine_Release|x64.ActiveCfg = Release|Win32
		{F9B3C4ED-8979-33EA-BF8F-F8408ABDD508}.PlaybackEngine_Release|x64.Build.0 = Release|Win32
		{F9B3C4ED-8979-33EA-BF8F-F8408ABDD508}.PlaybackEngine_Release|x86.ActiveCfg = Release|Win32
		{F9B3C4ED-8979-33EA-BF8F-F8408ABDD508}.PlaybackEngine_Release|x86.Build.0 = Release|Win32
		{F9B3C4ED-8979-33EA-BF8F-F8408ABDD508}.Release|Any CPU.ActiveCfg = Release|Win32
		{F9B3C4ED-8979-33EA-BF8F-F8408ABDD508}.Release|Any CPU.Build.0 = Release|Win32
		{F9B3C4ED-8979-33EA-BF8F-F8408ABDD508}.Release|ARM.ActiveCfg = Release|Win32
		{F9B3C4ED-8979-33EA-BF8F-F8408ABDD508}.Release|ARM.Build.0 = Release|Win32
		{F9B3C4ED-8979-33EA-BF8F-F8408ABDD508}.Release|ARM64.ActiveCfg = Release|Win32
		{F9B3C4ED-8979-33EA-BF8F-F8408ABDD508}.Release|ARM64.Build.0 = Release|Win32
		{F9B3C4ED-8979-33EA-BF8F-F8408ABDD508}.Release|Win32.ActiveCfg = Release|Win32
		{F9B3C4ED-8979-33EA-BF8F-F8408ABDD508}.Release|Win32.Build.0 = Release|Win32
		{F9B3C4ED-8979-33EA-BF8F-F8408ABDD508}.Release|x64.ActiveCfg = Release|Win32
		{F9B3C4ED-8979-33EA-BF8F-F8408ABDD508}.Release|x64.Build.0 = Release|Win32
		{F9B3C4ED-8979-33EA-BF8F-F8408ABDD508}.Release|x86.ActiveCfg = Release|Win32
		{F9B3C4ED-8979-33EA-BF8F-F8408ABDD508}.Release|x86.Build.0 = Release|Win32
		{32B999C1-4BC6-3235-B369-6E75F1590F28}.Debug|Any CPU.ActiveCfg = Debug|x64
		{32B999C1-4BC6-3235-B369-6E75F1590F28}.Debug|Any CPU.Build.0 = Debug|x64
		{32B999C1-4BC6-3235-B369-6E75F1590F28}.Debug|ARM.ActiveCfg = Debug|x64
		{32B999C1-4BC6-3235-B369-6E75F1590F28}.Debug|ARM.Build.0 = Debug|x64
		{32B999C1-4BC6-3235-B369-6E75F1590F28}.Debug|ARM64.ActiveCfg = Debug|x64
		{32B999C1-4BC6-3235-B369-6E75F1590F28}.Debug|ARM64.Build.0 = Debug|x64
		{32B999C1-4BC6-3235-B369-6E75F1590F28}.Debug|Win32.ActiveCfg = Debug|x64
		{32B999C1-4BC6-3235-B369-6E75F1590F28}.Debug|Win32.Build.0 = Debug|x64
		{32B999C1-4BC6-3235-B369-6E75F1590F28}.Debug|x64.ActiveCfg = Debug|x64
		{32B999C1-4BC6-3235-B369-6E75F1590F28}.Debug|x64.Build.0 = Debug|x64
		{32B999C1-4BC6-3235-B369-6E75F1590F28}.Debug|x86.ActiveCfg = Debug|x64
		{32B999C1-4BC6-3235-B369-6E75F1590F28}.Debug|x86.Build.0 = Debug|x64
		{32B999C1-4BC6-3235-B369-6E75F1590F28}.PlaybackEngine_Release|Any CPU.ActiveCfg = Release|x64
		{32B999C1-4BC6-3235-B369-6E75F1590F28}.PlaybackEngine_Release|Any CPU.Build.0 = Release|x64
		{32B999C1-4BC6-3235-B369-6E75F1590F28}.PlaybackEngine_Release|ARM.ActiveCfg = PlaybackEngine_Release|x64
		{32B999C1-4BC6-3235-B369-6E75F1590F28}.PlaybackEngine_Release|ARM.Build.0 = PlaybackEngine_Release|x64
		{32B999C1-4BC6-3235-B369-6E75F1590F28}.PlaybackEngine_Release|ARM64.ActiveCfg = PlaybackEngine_Release|x64
		{32B999C1-4BC6-3235-B369-6E75F1590F28}.PlaybackEngine_Release|ARM64.Build.0 = PlaybackEngine_Release|x64
		{32B999C1-4BC6-3235-B369-6E75F1590F28}.PlaybackEngine_Release|Win32.ActiveCfg = Release|x64
		{32B999C1-4BC6-3235-B369-6E75F1590F28}.PlaybackEngine_Release|Win32.Build.0 = Release|x64
		{32B999C1-4BC6-3235-B369-6E75F1590F28}.PlaybackEngine_Release|x64.ActiveCfg = Release|x64
		{32B999C1-4BC6-3235-B369-6E75F1590F28}.PlaybackEngine_Release|x64.Build.0 = Release|x64
		{32B999C1-4BC6-3235-B369-6E75F1590F28}.PlaybackEngine_Release|x86.ActiveCfg = Release|x64
		{32B999C1-4BC6-3235-B369-6E75F1590F28}.PlaybackEngine_Release|x86.Build.0 = Release|x64
		{32B999C1-4BC6-3235-B369-6E75F1590F28}.Release|Any CPU.ActiveCfg = Release|x64
		{32B999C1-4BC6-3235-B369-6E75F1590F28}.Release|Any CPU.Build.0 = Release|x64
		{32B999C1-4BC6-3235-B369-6E75F1590F28}.Release|ARM.ActiveCfg = Release|x64
		{32B999C1-4BC6-3235-B369-6E75F1590F28}.Release|ARM.Build.0 = Release|x64
		{32B999C1-4BC6-3235-B369-6E75F1590F28}.Release|ARM64.ActiveCfg = Release|x64
		{32B999C1-4BC6-3235-B369-6E75F1590F28}.Release|ARM64.Build.0 = Release|x64
		{32B999C1-4BC6-3235-B369-6E75F1590F28}.Release|Win32.ActiveCfg = Release|x64
		{32B999C1-4BC6-3235-B369-6E75F1590F28}.Release|Win32.Build.0 = Release|x64
		{32B999C1-4BC6-3235-B369-6E75F1590F28}.Release|x64.ActiveCfg = Release|x64
		{32B999C1-4BC6-3235-B369-6E75F1590F28}.Release|x64.Build.0 = Release|x64
		{32B999C1-4BC6-3235-B369-6E75F1590F28}.Release|x86.ActiveCfg = Release|x64
		{32B999C1-4BC6-3235-B369-6E75F1590F28}.Release|x86.Build.0 = Release|x64
		{C91DF341-6ABA-37DA-A77F-5C7366F8B376}.Debug|Any CPU.ActiveCfg = Debug|x64
		{C91DF341-6ABA-37DA-A77F-5C7366F8B376}.Debug|Any CPU.Build.0 = Debug|x64
		{C91DF341-6ABA-37DA-A77F-5C7366F8B376}.Debug|ARM.ActiveCfg = Debug|x64
		{C91DF341-6ABA-37DA-A77F-5C7366F8B376}.Debug|ARM.Build.0 = Debug|x64
		{C91DF341-6ABA-37DA-A77F-5C7366F8B376}.Debug|ARM64.ActiveCfg = Debug|x64
		{C91DF341-6ABA-37DA-A77F-5C7366F8B376}.Debug|ARM64.Build.0 = Debug|x64
		{C91DF341-6ABA-37DA-A77F-5C7366F8B376}.Debug|Win32.ActiveCfg = Debug|x64
		{C91DF341-6ABA-37DA-A77F-5C7366F8B376}.Debug|Win32.Build.0 = Debug|x64
		{C91DF341-6ABA-37DA-A77F-5C7366F8B376}.Debug|x64.ActiveCfg = Debug|x64
		{C91DF341-6ABA-37DA-A77F-5C7366F8B376}.Debug|x64.Build.0 = Debug|x64
		{C91DF341-6ABA-37DA-A77F-5C7366F8B376}.Debug|x86.ActiveCfg = Debug|x64
		{C91DF341-6ABA-37DA-A77F-5C7366F8B376}.Debug|x86.Build.0 = Debug|x64
		{C91DF341-6ABA-37DA-A77F-5C7366F8B376}.PlaybackEngine_Release|Any CPU.ActiveCfg = Release|x64
		{C91DF341-6ABA-37DA-A77F-5C7366F8B376}.PlaybackEngine_Release|Any CPU.Build.0 = Release|x64
		{C91DF341-6ABA-37DA-A77F-5C7366F8B376}.PlaybackEngine_Release|ARM.ActiveCfg = PlaybackEngine_Release|x64
		{C91DF341-6ABA-37DA-A77F-5C7366F8B376}.PlaybackEngine_Release|ARM.Build.0 = PlaybackEngine_Release|x64
		{C91DF341-6ABA-37DA-A77F-5C7366F8B376}.PlaybackEngine_Release|ARM64.ActiveCfg = PlaybackEngine_Release|x64
		{C91DF341-6ABA-37DA-A77F-5C7366F8B376}.PlaybackEngine_Release|ARM64.Build.0 = PlaybackEngine_Release|x64
		{C91DF341-6ABA-37DA-A77F-5C7366F8B376}.PlaybackEngine_Release|Win32.ActiveCfg = Release|x64
		{C91DF341-6ABA-37DA-A77F-5C7366F8B376}.PlaybackEngine_Release|Win32.Build.0 = Release|x64
		{C91DF341-6ABA-37DA-A77F-5C7366F8B376}.PlaybackEngine_Release|x64.ActiveCfg = Release|x64
		{C91DF341-6ABA-37DA-A77F-5C7366F8B376}.PlaybackEngine_Release|x64.Build.0 = Release|x64
		{C91DF341-6ABA-37DA-A77F-5C7366F8B376}.PlaybackEngine_Release|x86.ActiveCfg = Release|x64
		{C91DF341-6ABA-37DA-A77F-5C7366F8B376}.PlaybackEngine_Release|x86.Build.0 = Release|x64
		{C91DF341-6ABA-37DA-A77F-5C7366F8B376}.Release|Any CPU.ActiveCfg = Release|x64
		{C91DF341-6ABA-37DA-A77F-5C7366F8B376}.Release|Any CPU.Build.0 = Release|x64
		{C91DF341-6ABA-37DA-A77F-5C7366F8B376}.Release|ARM.ActiveCfg = Release|x64
		{C91DF341-6ABA-37DA-A77F-5C7366F8B376}.Release|ARM.Build.0 = Release|x64
		{C91DF341-6ABA-37DA-A77F-5C7366F8B376}.Release|ARM64.ActiveCfg = Release|x64
		{C91DF341-6ABA-37DA-A77F-5C7366F8B376}.Release|ARM64.Build.0 = Release|x64
		{C91DF341-6ABA-37DA-A77F-5C7366F8B376}.Release|Win32.ActiveCfg = Release|x64
		{C91DF341-6ABA-37DA-A77F-5C7366F8B376}.Release|Win32.Build.0 = Release|x64
		{C91DF341-6ABA-37DA-A77F-5C7366F8B376}.Release|x64.ActiveCfg = Release|x64
		{C91DF341-6ABA-37DA-A77F-5C7366F8B376}.Release|x64.Build.0 = Release|x64
		{C91DF341-6ABA-37DA-A77F-5C7366F8B376}.Release|x86.ActiveCfg = Release|x64
		{C91DF341-6ABA-37DA-A77F-5C7366F8B376}.Release|x86.Build.0 = Release|x64
		{4D34E459-DE02-455F-AE2F-6D75AE2CF664}.Debug|Any CPU.ActiveCfg = Debug|x64
		{4D34E459-DE02-455F-AE2F-6D75AE2CF664}.Debug|Any CPU.Build.0 = Debug|x64
		{4D34E459-DE02-455F-AE2F-6D75AE2CF664}.Debug|ARM.ActiveCfg = Debug|x64
		{4D34E459-DE02-455F-AE2F-6D75AE2CF664}.Debug|ARM.Build.0 = Debug|x64
		{4D34E459-DE02-455F-AE2F-6D75AE2CF664}.Debug|ARM64.ActiveCfg = Debug|x64
		{4D34E459-DE02-455F-AE2F-6D75AE2CF664}.Debug|ARM64.Build.0 = Debug|x64
		{4D34E459-DE02-455F-AE2F-6D75AE2CF664}.Debug|Win32.ActiveCfg = Debug|Win32
		{4D34E459-DE02-455F-AE2F-6D75AE2CF664}.Debug|Win32.Build.0 = Debug|Win32
		{4D34E459-DE02-455F-AE2F-6D75AE2CF664}.Debug|x64.ActiveCfg = Debug|x64
		{4D34E459-DE02-455F-AE2F-6D75AE2CF664}.Debug|x64.Build.0 = Debug|x64
		{4D34E459-DE02-455F-AE2F-6D75AE2CF664}.Debug|x86.ActiveCfg = Debug|Win32
		{4D34E459-DE02-455F-AE2F-6D75AE2CF664}.Debug|x86.Build.0 = Debug|Win32
		{4D34E459-DE02-455F-AE2F-6D75AE2CF664}.PlaybackEngine_Release|Any CPU.ActiveCfg = Release|x64
		{4D34E459-DE02-455F-AE2F-6D75AE2CF664}.PlaybackEngine_Release|Any CPU.Build.0 = Release|x64
		{4D34E459-DE02-455F-AE2F-6D75AE2CF664}.PlaybackEngine_Release|ARM.ActiveCfg = Release|x64
		{4D34E459-DE02-455F-AE2F-6D75AE2CF664}.PlaybackEngine_Release|ARM.Build.0 = Release|x64
		{4D34E459-DE02-455F-AE2F-6D75AE2CF664}.PlaybackEngine_Release|ARM64.ActiveCfg = Release|x64
		{4D34E459-DE02-455F-AE2F-6D75AE2CF664}.PlaybackEngine_Release|ARM64.Build.0 = Release|x64
		{4D34E459-DE02-455F-AE2F-6D75AE2CF664}.PlaybackEngine_Release|Win32.ActiveCfg = Release|Win32
		{4D34E459-DE02-455F-AE2F-6D75AE2CF664}.PlaybackEngine_Release|Win32.Build.0 = Release|Win32
		{4D34E459-DE02-455F-AE2F-6D75AE2CF664}.PlaybackEngine_Release|x64.ActiveCfg = Release|x64
		{4D34E459-DE02-455F-AE2F-6D75AE2CF664}.PlaybackEngine_Release|x64.Build.0 = Release|x64
		{4D34E459-DE02-455F-AE2F-6D75AE2CF664}.PlaybackEngine_Release|x86.ActiveCfg = Release|Win32
		{4D34E459-DE02-455F-AE2F-6D75AE2CF664}.PlaybackEngine_Release|x86.Build.0 = Release|Win32
		{4D34E459-DE02-455F-AE2F-6D75AE2CF664}.Release|Any CPU.ActiveCfg = Release|x64
		{4D34E459-DE02-455F-AE2F-6D75AE2CF664}.Release|Any CPU.Build.0 = Release|x64
		{4D34E459-DE02-455F-AE2F-6D75AE2CF664}.Release|ARM.ActiveCfg = Release|x64
		{4D34E459-DE02-455F-AE2F-6D75AE2CF664}.Release|ARM.Build.0 = Release|x64
		{4D34E459-DE02-455F-AE2F-6D75AE2CF664}.Release|ARM64.ActiveCfg = Release|x64
		{4D34E459-DE02-455F-AE2F-6D75AE2CF664}.Release|ARM64.Build.0 = Release|x64
		{4D34E459-DE02-455F-AE2F-6D75AE2CF664}.Release|Win32.ActiveCfg = Release|Win32
		{4D34E459-DE02-455F-AE2F-6D75AE2CF664}.Release|Win32.Build.0 = Release|Win32
		{4D34E459-DE02-455F-AE2F-6D75AE2CF664}.Release|x64.ActiveCfg = Release|x64
		{4D34E459-DE02-455F-AE2F-6D75AE2CF664}.Release|x64.Build.0 = Release|x64
		{4D34E459-DE02-455F-AE2F-6D75AE2CF664}.Release|x86.ActiveCfg = Release|Win32
		{4D34E459-DE02-455F-AE2F-6D75AE2CF664}.Release|x86.Build.0 = Release|Win32
		{3D946707-7529-4F0A-8F54-349F74D6BC4B}.Debug|Any CPU.ActiveCfg = Debug|x64
		{3D946707-7529-4F0A-8F54-349F74D6BC4B}.Debug|Any CPU.Build.0 = Debug|x64
		{3D946707-7529-4F0A-8F54-349F74D6BC4B}.Debug|Any CPU.Deploy.0 = Debug|x64
		{3D946707-7529-4F0A-8F54-349F74D6BC4B}.Debug|ARM.ActiveCfg = Debug|ARM
		{3D946707-7529-4F0A-8F54-349F74D6BC4B}.Debug|ARM.Build.0 = Debug|ARM
		{3D946707-7529-4F0A-8F54-349F74D6BC4B}.Debug|ARM.Deploy.0 = Debug|ARM
		{3D946707-7529-4F0A-8F54-349F74D6BC4B}.Debug|ARM64.ActiveCfg = Debug|ARM64
		{3D946707-7529-4F0A-8F54-349F74D6BC4B}.Debug|ARM64.Build.0 = Debug|ARM64
		{3D946707-7529-4F0A-8F54-349F74D6BC4B}.Debug|ARM64.Deploy.0 = Debug|ARM64
		{3D946707-7529-4F0A-8F54-349F74D6BC4B}.Debug|Win32.ActiveCfg = Debug|x86
		{3D946707-7529-4F0A-8F54-349F74D6BC4B}.Debug|Win32.Build.0 = Debug|x86
		{3D946707-7529-4F0A-8F54-349F74D6BC4B}.Debug|Win32.Deploy.0 = Debug|x86
		{3D946707-7529-4F0A-8F54-349F74D6BC4B}.Debug|x64.ActiveCfg = Debug|x64
		{3D946707-7529-4F0A-8F54-349F74D6BC4B}.Debug|x64.Build.0 = Debug|x64
		{3D946707-7529-4F0A-8F54-349F74D6BC4B}.Debug|x64.Deploy.0 = Debug|x64
		{3D946707-7529-4F0A-8F54-349F74D6BC4B}.Debug|x86.ActiveCfg = Debug|x86
		{3D946707-7529-4F0A-8F54-349F74D6BC4B}.Debug|x86.Build.0 = Debug|x86
		{3D946707-7529-4F0A-8F54-349F74D6BC4B}.Debug|x86.Deploy.0 = Debug|x86
		{3D946707-7529-4F0A-8F54-349F74D6BC4B}.PlaybackEngine_Release|Any CPU.ActiveCfg = Release|x64
		{3D946707-7529-4F0A-8F54-349F74D6BC4B}.PlaybackEngine_Release|Any CPU.Build.0 = Release|x64
		{3D946707-7529-4F0A-8F54-349F74D6BC4B}.PlaybackEngine_Release|Any CPU.Deploy.0 = Release|x64
		{3D946707-7529-4F0A-8F54-349F74D6BC4B}.PlaybackEngine_Release|ARM.ActiveCfg = Release|ARM
		{3D946707-7529-4F0A-8F54-349F74D6BC4B}.PlaybackEngine_Release|ARM.Build.0 = Release|ARM
		{3D946707-7529-4F0A-8F54-349F74D6BC4B}.PlaybackEngine_Release|ARM.Deploy.0 = Release|ARM
		{3D946707-7529-4F0A-8F54-349F74D6BC4B}.PlaybackEngine_Release|ARM64.ActiveCfg = Release|ARM64
		{3D946707-7529-4F0A-8F54-349F74D6BC4B}.PlaybackEngine_Release|ARM64.Build.0 = Release|ARM64
		{3D946707-7529-4F0A-8F54-349F74D6BC4B}.PlaybackEngine_Release|ARM64.Deploy.0 = Release|ARM64
		{3D946707-7529-4F0A-8F54-349F74D6BC4B}.PlaybackEngine_Release|Win32.ActiveCfg = Release|x86
		{3D946707-7529-4F0A-8F54-349F74D6BC4B}.PlaybackEngine_Release|Win32.Build.0 = Release|x86
		{3D946707-7529-4F0A-8F54-349F74D6BC4B}.PlaybackEngine_Release|Win32.Deploy.0 = Release|x86
		{3D946707-7529-4F0A-8F54-349F74D6BC4B}.PlaybackEngine_Release|x64.ActiveCfg = Release|x64
		{3D946707-7529-4F0A-8F54-349F74D6BC4B}.PlaybackEngine_Release|x64.Build.0 = Release|x64
		{3D946707-7529-4F0A-8F54-349F74D6BC4B}.PlaybackEngine_Release|x64.Deploy.0 = Release|x64
		{3D946707-7529-4F0A-8F54-349F74D6BC4B}.PlaybackEngine_Release|x86.ActiveCfg = Release|x86
		{3D946707-7529-4F0A-8F54-349F74D6BC4B}.PlaybackEngine_Release|x86.Build.0 = Release|x86
		{3D946707-7529-4F0A-8F54-349F74D6BC4B}.PlaybackEngine_Release|x86.Deploy.0 = Release|x86
		{3D946707-7529-4F0A-8F54-349F74D6BC4B}.Release|Any CPU.ActiveCfg = Release|x64
		{3D946707-7529-4F0A-8F54-349F74D6BC4B}.Release|Any CPU.Build.0 = Release|x64
		{3D946707-7529-4F0A-8F54-349F74D6BC4B}.Release|Any CPU.Deploy.0 = Release|x64
		{3D946707-7529-4F0A-8F54-349F74D6BC4B}.Release|ARM.ActiveCfg = Release|ARM
		{3D946707-7529-4F0A-8F54-349F74D6BC4B}.Release|ARM.Build.0 = Release|ARM
		{3D946707-7529-4F0A-8F54-349F74D6BC4B}.Release|ARM.Deploy.0 = Release|ARM
		{3D946707-7529-4F0A-8F54-349F74D6BC4B}.Release|ARM64.ActiveCfg = Release|ARM64
		{3D946707-7529-4F0A-8F54-349F74D6BC4B}.Release|ARM64.Build.0 = Release|ARM64
		{3D946707-7529-4F0A-8F54-349F74D6BC4B}.Release|ARM64.Deploy.0 = Release|ARM64
		{3D946707-7529-4F0A-8F54-349F74D6BC4B}.Release|Win32.ActiveCfg = Release|x86
		{3D946707-7529-4F0A-8F54-349F74D6BC4B}.Release|Win32.Build.0 = Release|x86
		{3D946707-7529-4F0A-8F54-349F74D6BC4B}.Release|Win32.Deploy.0 = Release|x86
		{3D946707-7529-4F0A-8F54-349F74D6BC4B}.Release|x64.ActiveCfg = Release|x64
		{3D946707-7529-4F0A-8F54-349F74D6BC4B}.Release|x64.Build.0 = Release|x64
		{3D946707-7529-4F0A-8F54-349F74D6BC4B}.Release|x64.Deploy.0 = Release|x64
		{3D946707-7529-4F0A-8F54-349F74D6BC4B}.Release|x86.ActiveCfg = Release|x86
		{3D946707-7529-4F0A-8F54-349F74D6BC4B}.Release|x86.Build.0 = Release|x86
		{3D946707-7529-4F0A-8F54-349F74D6BC4B}.Release|x86.Deploy.0 = Release|x86
	EndGlobalSection
	GlobalSection(SolutionProperties) = preSolution
		HideSolutionNode = FALSE
	EndGlobalSection
	GlobalSection(NestedProjects) = preSolution
		{CDC61B43-356D-4C16-888B-0C651F19FC16} = {AD236641-FF2F-4363-AFE0-78E751BFF36B}
		{AD236641-FF2F-4363-AFE0-78E751BFF36B} = {BAFB1929-C84E-4B39-AA63-0B03CA1686C0}
		{02D71ECA-EA75-40CB-B26C-A5E822479390} = {BAFB1929-C84E-4B39-AA63-0B03CA1686C0}
		{F514247F-4FD7-4815-BB6D-06BCA43EF29F} = {02D71ECA-EA75-40CB-B26C-A5E822479390}
		{BC9B5EB3-DA41-317C-80C3-02D41EB178F7} = {CDC61B43-356D-4C16-888B-0C651F19FC16}
		{F9B3C4ED-8979-33EA-BF8F-F8408ABDD508} = {AD236641-FF2F-4363-AFE0-78E751BFF36B}
		{32B999C1-4BC6-3235-B369-6E75F1590F28} = {02D71ECA-EA75-40CB-B26C-A5E822479390}
		{C91DF341-6ABA-37DA-A77F-5C7366F8B376} = {F514247F-4FD7-4815-BB6D-06BCA43EF29F}
		{BAFB1929-C84E-4B39-AA63-0B03CA1686C0} = {922251E8-ED0E-4270-95D1-1D12826BDB36}
		{4D34E459-DE02-455F-AE2F-6D75AE2CF664} = {5536377A-9DE1-414B-945F-67C5987023C4}
		{0B884067-53C1-4980-9996-F510295113AF} = {5536377A-9DE1-414B-945F-67C5987023C4}
		{3D946707-7529-4F0A-8F54-349F74D6BC4B} = {0B884067-53C1-4980-9996-F510295113AF}
	EndGlobalSection
	GlobalSection(ExtensibilityGlobals) = postSolution
		SolutionGuid = {BF0CE4D3-81E1-4603-8599-CF123F70020A}
	EndGlobalSection
EndGlobal
